// !$*UTF8*$!
{
	archiveVersion = 1;
	classes = {
	};
	objectVersion = 46;
	objects = {

/* Begin PBXBuildFile section */
		97A337C922A52879007341E7 /* main.cpp in Sources */ = {isa = PBXBuildFile; fileRef = 97A337C822A52879007341E7 /* main.cpp */; };
		97A337D022A528B7007341E7 /* libnrdebug.a in Frameworks */ = {isa = PBXBuildFile; fileRef = 97A337CF22A528B7007341E7 /* libnrdebug.a */; };
		97A337D122A528D7007341E7 /* ByteArray.cpp in Sources */ = {isa = PBXBuildFile; fileRef = 97C23EFE2298107F006952E4 /* ByteArray.cpp */; };
		97A337D222A52B47007341E7 /* String.cpp in Sources */ = {isa = PBXBuildFile; fileRef = 97C23EF92298107F006952E4 /* String.cpp */; };
		97C23EF12298106A006952E4 /* Exception.h in Headers */ = {isa = PBXBuildFile; fileRef = 97C23EF022981069006952E4 /* Exception.h */; };
		97C23F092298107F006952E4 /* RegularExpression.h in Headers */ = {isa = PBXBuildFile; fileRef = 97C23EF22298107F006952E4 /* RegularExpression.h */; };
		97C23F0A2298107F006952E4 /* Array.h in Headers */ = {isa = PBXBuildFile; fileRef = 97C23EF32298107F006952E4 /* Array.h */; };
		97C23F0B2298107F006952E4 /* DescriptorInstanceMap.h in Headers */ = {isa = PBXBuildFile; fileRef = 97C23EF42298107F006952E4 /* DescriptorInstanceMap.h */; };
		97C23F0C2298107F006952E4 /* RingBuffer.h in Headers */ = {isa = PBXBuildFile; fileRef = 97C23EF52298107F006952E4 /* RingBuffer.h */; };
		97C23F0D2298107F006952E4 /* InstancePool.h in Headers */ = {isa = PBXBuildFile; fileRef = 97C23EF62298107F006952E4 /* InstancePool.h */; };
		97C23F0E2298107F006952E4 /* ObjectArray.h in Headers */ = {isa = PBXBuildFile; fileRef = 97C23EF72298107F006952E4 /* ObjectArray.h */; };
		97C23F0F2298107F006952E4 /* File.h in Headers */ = {isa = PBXBuildFile; fileRef = 97C23EF82298107F006952E4 /* File.h */; };
		97C23F102298107F006952E4 /* String.cpp in Sources */ = {isa = PBXBuildFile; fileRef = 97C23EF92298107F006952E4 /* String.cpp */; };
		97C23F112298107F006952E4 /* RingBuffer.cpp in Sources */ = {isa = PBXBuildFile; fileRef = 97C23EFA2298107F006952E4 /* RingBuffer.cpp */; };
		97C23F122298107F006952E4 /* String.h in Headers */ = {isa = PBXBuildFile; fileRef = 97C23EFB2298107F006952E4 /* String.h */; };
		97C23F132298107F006952E4 /* StringList.h in Headers */ = {isa = PBXBuildFile; fileRef = 97C23EFC2298107F006952E4 /* StringList.h */; };
		97C23F142298107F006952E4 /* LinkedList.h in Headers */ = {isa = PBXBuildFile; fileRef = 97C23EFD2298107F006952E4 /* LinkedList.h */; };
		97C23F152298107F006952E4 /* ByteArray.cpp in Sources */ = {isa = PBXBuildFile; fileRef = 97C23EFE2298107F006952E4 /* ByteArray.cpp */; };
		97C23F162298107F006952E4 /* Ref.h in Headers */ = {isa = PBXBuildFile; fileRef = 97C23EFF2298107F006952E4 /* Ref.h */; };
		97C23F172298107F006952E4 /* IndexedList.h in Headers */ = {isa = PBXBuildFile; fileRef = 97C23F002298107F006952E4 /* IndexedList.h */; };
		97C23F182298107F006952E4 /* Memory.h in Headers */ = {isa = PBXBuildFile; fileRef = 97C23F012298107F006952E4 /* Memory.h */; };
		97C23F192298107F006952E4 /* RefArray.h in Headers */ = {isa = PBXBuildFile; fileRef = 97C23F022298107F006952E4 /* RefArray.h */; };
		97C23F1A2298107F006952E4 /* StaticArray.h in Headers */ = {isa = PBXBuildFile; fileRef = 97C23F032298107F006952E4 /* StaticArray.h */; };
		97C23F1B2298107F006952E4 /* RegularExpression.cpp in Sources */ = {isa = PBXBuildFile; fileRef = 97C23F042298107F006952E4 /* RegularExpression.cpp */; };
		97C23F1C2298107F006952E4 /* ByteArray.h in Headers */ = {isa = PBXBuildFile; fileRef = 97C23F052298107F006952E4 /* ByteArray.h */; };
		97C23F1D2298107F006952E4 /* ObjectBlockArray.h in Headers */ = {isa = PBXBuildFile; fileRef = 97C23F062298107F006952E4 /* ObjectBlockArray.h */; };
		97C23F1E2298107F006952E4 /* HashMap.h in Headers */ = {isa = PBXBuildFile; fileRef = 97C23F072298107F006952E4 /* HashMap.h */; };
		97C23F1F2298107F006952E4 /* StringList.cpp in Sources */ = {isa = PBXBuildFile; fileRef = 97C23F082298107F006952E4 /* StringList.cpp */; };
		97C23F2222981091006952E4 /* ByteUtils.h in Headers */ = {isa = PBXBuildFile; fileRef = 97C23F2022981091006952E4 /* ByteUtils.h */; };
		97C23F2322981091006952E4 /* ByteUtils.cpp in Sources */ = {isa = PBXBuildFile; fileRef = 97C23F2122981091006952E4 /* ByteUtils.cpp */; };
/* End PBXBuildFile section */

/* Begin PBXCopyFilesBuildPhase section */
		97A337C422A52879007341E7 /* CopyFiles */ = {
			isa = PBXCopyFilesBuildPhase;
			buildActionMask = 2147483647;
			dstPath = /usr/share/man/man1/;
			dstSubfolderSpec = 0;
			files = (
			);
			runOnlyForDeploymentPostprocessing = 1;
		};
/* End PBXCopyFilesBuildPhase section */

/* Begin PBXFileReference section */
		97A337C622A52879007341E7 /* UnitTests */ = {isa = PBXFileReference; explicitFileType = "compiled.mach-o.executable"; includeInIndex = 0; path = UnitTests; sourceTree = BUILT_PRODUCTS_DIR; };
		97A337C822A52879007341E7 /* main.cpp */ = {isa = PBXFileReference; lastKnownFileType = sourcecode.cpp.cpp; path = main.cpp; sourceTree = "<group>"; };
		97A337CF22A528B7007341E7 /* libnrdebug.a */ = {isa = PBXFileReference; explicitFileType = archive.ar; path = libnrdebug.a; sourceTree = BUILT_PRODUCTS_DIR; };
		97C23EF022981069006952E4 /* Exception.h */ = {isa = PBXFileReference; fileEncoding = 4; lastKnownFileType = sourcecode.c.h; path = Exception.h; sourceTree = "<group>"; };
		97C23EF22298107F006952E4 /* RegularExpression.h */ = {isa = PBXFileReference; fileEncoding = 4; lastKnownFileType = sourcecode.c.h; path = RegularExpression.h; sourceTree = "<group>"; };
		97C23EF32298107F006952E4 /* Array.h */ = {isa = PBXFileReference; fileEncoding = 4; lastKnownFileType = sourcecode.c.h; path = Array.h; sourceTree = "<group>"; };
		97C23EF42298107F006952E4 /* DescriptorInstanceMap.h */ = {isa = PBXFileReference; fileEncoding = 4; lastKnownFileType = sourcecode.c.h; path = DescriptorInstanceMap.h; sourceTree = "<group>"; };
		97C23EF52298107F006952E4 /* RingBuffer.h */ = {isa = PBXFileReference; fileEncoding = 4; lastKnownFileType = sourcecode.c.h; path = RingBuffer.h; sourceTree = "<group>"; };
		97C23EF62298107F006952E4 /* InstancePool.h */ = {isa = PBXFileReference; fileEncoding = 4; lastKnownFileType = sourcecode.c.h; path = InstancePool.h; sourceTree = "<group>"; };
		97C23EF72298107F006952E4 /* ObjectArray.h */ = {isa = PBXFileReference; fileEncoding = 4; lastKnownFileType = sourcecode.c.h; path = ObjectArray.h; sourceTree = "<group>"; };
		97C23EF82298107F006952E4 /* File.h */ = {isa = PBXFileReference; fileEncoding = 4; lastKnownFileType = sourcecode.c.h; path = File.h; sourceTree = "<group>"; };
		97C23EF92298107F006952E4 /* String.cpp */ = {isa = PBXFileReference; fileEncoding = 4; lastKnownFileType = sourcecode.cpp.cpp; path = String.cpp; sourceTree = "<group>"; };
		97C23EFA2298107F006952E4 /* RingBuffer.cpp */ = {isa = PBXFileReference; fileEncoding = 4; lastKnownFileType = sourcecode.cpp.cpp; path = RingBuffer.cpp; sourceTree = "<group>"; };
		97C23EFB2298107F006952E4 /* String.h */ = {isa = PBXFileReference; fileEncoding = 4; lastKnownFileType = sourcecode.c.h; path = String.h; sourceTree = "<group>"; };
		97C23EFC2298107F006952E4 /* StringList.h */ = {isa = PBXFileReference; fileEncoding = 4; lastKnownFileType = sourcecode.c.h; path = StringList.h; sourceTree = "<group>"; };
		97C23EFD2298107F006952E4 /* LinkedList.h */ = {isa = PBXFileReference; fileEncoding = 4; lastKnownFileType = sourcecode.c.h; path = LinkedList.h; sourceTree = "<group>"; };
		97C23EFE2298107F006952E4 /* ByteArray.cpp */ = {isa = PBXFileReference; fileEncoding = 4; lastKnownFileType = sourcecode.cpp.cpp; path = ByteArray.cpp; sourceTree = "<group>"; };
		97C23EFF2298107F006952E4 /* Ref.h */ = {isa = PBXFileReference; fileEncoding = 4; lastKnownFileType = sourcecode.c.h; path = Ref.h; sourceTree = "<group>"; };
		97C23F002298107F006952E4 /* IndexedList.h */ = {isa = PBXFileReference; fileEncoding = 4; lastKnownFileType = sourcecode.c.h; path = IndexedList.h; sourceTree = "<group>"; };
		97C23F012298107F006952E4 /* Memory.h */ = {isa = PBXFileReference; fileEncoding = 4; lastKnownFileType = sourcecode.c.h; path = Memory.h; sourceTree = "<group>"; };
		97C23F022298107F006952E4 /* RefArray.h */ = {isa = PBXFileReference; fileEncoding = 4; lastKnownFileType = sourcecode.c.h; path = RefArray.h; sourceTree = "<group>"; };
		97C23F032298107F006952E4 /* StaticArray.h */ = {isa = PBXFileReference; fileEncoding = 4; lastKnownFileType = sourcecode.c.h; path = StaticArray.h; sourceTree = "<group>"; };
		97C23F042298107F006952E4 /* RegularExpression.cpp */ = {isa = PBXFileReference; fileEncoding = 4; lastKnownFileType = sourcecode.cpp.cpp; path = RegularExpression.cpp; sourceTree = "<group>"; };
		97C23F052298107F006952E4 /* ByteArray.h */ = {isa = PBXFileReference; fileEncoding = 4; lastKnownFileType = sourcecode.c.h; path = ByteArray.h; sourceTree = "<group>"; };
		97C23F062298107F006952E4 /* ObjectBlockArray.h */ = {isa = PBXFileReference; fileEncoding = 4; lastKnownFileType = sourcecode.c.h; path = ObjectBlockArray.h; sourceTree = "<group>"; };
		97C23F072298107F006952E4 /* HashMap.h */ = {isa = PBXFileReference; fileEncoding = 4; lastKnownFileType = sourcecode.c.h; path = HashMap.h; sourceTree = "<group>"; };
		97C23F082298107F006952E4 /* StringList.cpp */ = {isa = PBXFileReference; fileEncoding = 4; lastKnownFileType = sourcecode.cpp.cpp; path = StringList.cpp; sourceTree = "<group>"; };
		97C23F2022981091006952E4 /* ByteUtils.h */ = {isa = PBXFileReference; fileEncoding = 4; lastKnownFileType = sourcecode.c.h; path = ByteUtils.h; sourceTree = "<group>"; };
		97C23F2122981091006952E4 /* ByteUtils.cpp */ = {isa = PBXFileReference; fileEncoding = 4; lastKnownFileType = sourcecode.cpp.cpp; path = ByteUtils.cpp; sourceTree = "<group>"; };
		E315FB26176CE43500D8F924 /* libnrcore.a */ = {isa = PBXFileReference; explicitFileType = archive.ar; includeInIndex = 0; path = libnrcore.a; sourceTree = BUILT_PRODUCTS_DIR; };
/* End PBXFileReference section */

/* Begin PBXFrameworksBuildPhase section */
		97A337C322A52879007341E7 /* Frameworks */ = {
			isa = PBXFrameworksBuildPhase;
			buildActionMask = 2147483647;
			files = (
				97A337D022A528B7007341E7 /* libnrdebug.a in Frameworks */,
			);
			runOnlyForDeploymentPostprocessing = 0;
		};
		E315FB23176CE43500D8F924 /* Frameworks */ = {
			isa = PBXFrameworksBuildPhase;
			buildActionMask = 2147483647;
			files = (
			);
			runOnlyForDeploymentPostprocessing = 0;
		};
/* End PBXFrameworksBuildPhase section */

/* Begin PBXGroup section */
		97A337C722A52879007341E7 /* UnitTests */ = {
			isa = PBXGroup;
			children = (
				97A337C822A52879007341E7 /* main.cpp */,
			);
			path = UnitTests;
			sourceTree = "<group>";
		};
		97C23EEC22981005006952E4 /* libnrcore */ = {
			isa = PBXGroup;
			children = (
				97C23EED22981019006952E4 /* exception */,
				97C23EEE22981021006952E4 /* memory */,
				97C23EEF2298102A006952E4 /* utils */,
			);
			path = libnrcore;
			sourceTree = "<group>";
		};
		97C23EED22981019006952E4 /* exception */ = {
			isa = PBXGroup;
			children = (
				97C23EF022981069006952E4 /* Exception.h */,
			);
			path = exception;
			sourceTree = "<group>";
		};
		97C23EEE22981021006952E4 /* memory */ = {
			isa = PBXGroup;
			children = (
				97C23EF32298107F006952E4 /* Array.h */,
				97C23F052298107F006952E4 /* ByteArray.h */,
				97C23EFE2298107F006952E4 /* ByteArray.cpp */,
				97C23EF42298107F006952E4 /* DescriptorInstanceMap.h */,
				97C23EF82298107F006952E4 /* File.h */,
				97C23F072298107F006952E4 /* HashMap.h */,
				97C23F002298107F006952E4 /* IndexedList.h */,
				97C23EF62298107F006952E4 /* InstancePool.h */,
				97C23EFD2298107F006952E4 /* LinkedList.h */,
				97C23F012298107F006952E4 /* Memory.h */,
				97C23EF72298107F006952E4 /* ObjectArray.h */,
				97C23F062298107F006952E4 /* ObjectBlockArray.h */,
				97C23EFF2298107F006952E4 /* Ref.h */,
				97C23F022298107F006952E4 /* RefArray.h */,
				97C23F042298107F006952E4 /* RegularExpression.cpp */,
				97C23EF22298107F006952E4 /* RegularExpression.h */,
				97C23EFA2298107F006952E4 /* RingBuffer.cpp */,
				97C23EF52298107F006952E4 /* RingBuffer.h */,
				97C23F032298107F006952E4 /* StaticArray.h */,
				97C23EF92298107F006952E4 /* String.cpp */,
				97C23EFB2298107F006952E4 /* String.h */,
				97C23F082298107F006952E4 /* StringList.cpp */,
				97C23EFC2298107F006952E4 /* StringList.h */,
			);
			path = memory;
			sourceTree = "<group>";
		};
		97C23EEF2298102A006952E4 /* utils */ = {
			isa = PBXGroup;
			children = (
				97C23F2122981091006952E4 /* ByteUtils.cpp */,
				97C23F2022981091006952E4 /* ByteUtils.h */,
			);
			path = utils;
			sourceTree = "<group>";
		};
		E3A403CB1769A7FA00E77689 = {
			isa = PBXGroup;
			children = (
				97C23EEC22981005006952E4 /* libnrcore */,
				97A337C722A52879007341E7 /* UnitTests */,
				E3AEDC8317E9DF6900B8CDB5 /* Frameworks */,
				E3A403D51769A7FA00E77689 /* Products */,
			);
			sourceTree = "<group>";
		};
		E3A403D51769A7FA00E77689 /* Products */ = {
			isa = PBXGroup;
			children = (
				E315FB26176CE43500D8F924 /* libnrcore.a */,
				97A337C622A52879007341E7 /* UnitTests */,
			);
			name = Products;
			sourceTree = "<group>";
		};
		E3AEDC8317E9DF6900B8CDB5 /* Frameworks */ = {
			isa = PBXGroup;
			children = (
				97A337CF22A528B7007341E7 /* libnrdebug.a */,
			);
			name = Frameworks;
			sourceTree = "<group>";
		};
/* End PBXGroup section */

/* Begin PBXHeadersBuildPhase section */
		E315FB24176CE43500D8F924 /* Headers */ = {
			isa = PBXHeadersBuildPhase;
			buildActionMask = 2147483647;
			files = (
				97C23F1C2298107F006952E4 /* ByteArray.h in Headers */,
				97C23F172298107F006952E4 /* IndexedList.h in Headers */,
				97C23F182298107F006952E4 /* Memory.h in Headers */,
				97C23F1E2298107F006952E4 /* HashMap.h in Headers */,
				97C23F162298107F006952E4 /* Ref.h in Headers */,
				97C23F192298107F006952E4 /* RefArray.h in Headers */,
				97C23F0A2298107F006952E4 /* Array.h in Headers */,
				97C23EF12298106A006952E4 /* Exception.h in Headers */,
				97C23F122298107F006952E4 /* String.h in Headers */,
				97C23F132298107F006952E4 /* StringList.h in Headers */,
				97C23F2222981091006952E4 /* ByteUtils.h in Headers */,
				97C23F092298107F006952E4 /* RegularExpression.h in Headers */,
				97C23F0C2298107F006952E4 /* RingBuffer.h in Headers */,
				97C23F1D2298107F006952E4 /* ObjectBlockArray.h in Headers */,
				97C23F1A2298107F006952E4 /* StaticArray.h in Headers */,
				97C23F142298107F006952E4 /* LinkedList.h in Headers */,
				97C23F0F2298107F006952E4 /* File.h in Headers */,
				97C23F0E2298107F006952E4 /* ObjectArray.h in Headers */,
				97C23F0B2298107F006952E4 /* DescriptorInstanceMap.h in Headers */,
				97C23F0D2298107F006952E4 /* InstancePool.h in Headers */,
			);
			runOnlyForDeploymentPostprocessing = 0;
		};
/* End PBXHeadersBuildPhase section */

/* Begin PBXLegacyTarget section */
		973DEAA122AA9FF800411B1C /* libnrcore_ios */ = {
			isa = PBXLegacyTarget;
			buildArgumentsString = "-f Makefile.ios $(ACTION)";
			buildConfigurationList = 973DEAA422AA9FF800411B1C /* Build configuration list for PBXLegacyTarget "libnrcore_ios" */;
			buildPhases = (
			);
			buildToolPath = /usr/bin/make;
			buildWorkingDirectory = "";
			dependencies = (
			);
			name = libnrcore_ios;
			passBuildSettingsInEnvironment = 1;
			productName = libnrcore_ios;
		};
/* End PBXLegacyTarget section */

/* Begin PBXNativeTarget section */
		97A337C522A52879007341E7 /* UnitTests */ = {
			isa = PBXNativeTarget;
			buildConfigurationList = 97A337CA22A52879007341E7 /* Build configuration list for PBXNativeTarget "UnitTests" */;
			buildPhases = (
				97A337C222A52879007341E7 /* Sources */,
				97A337C322A52879007341E7 /* Frameworks */,
				97A337C422A52879007341E7 /* CopyFiles */,
			);
			buildRules = (
			);
			dependencies = (
			);
			name = UnitTests;
			productName = UnitTests;
			productReference = 97A337C622A52879007341E7 /* UnitTests */;
			productType = "com.apple.product-type.tool";
		};
		E315FB25176CE43500D8F924 /* libnrcore */ = {
			isa = PBXNativeTarget;
			buildConfigurationList = E315FB27176CE43500D8F924 /* Build configuration list for PBXNativeTarget "libnrcore" */;
			buildPhases = (
				E315FB22176CE43500D8F924 /* Sources */,
				E315FB23176CE43500D8F924 /* Frameworks */,
				E315FB24176CE43500D8F924 /* Headers */,
			);
			buildRules = (
			);
			dependencies = (
			);
			name = libnrcore;
			productName = libnrcore;
			productReference = E315FB26176CE43500D8F924 /* libnrcore.a */;
			productType = "com.apple.product-type.library.static";
		};
/* End PBXNativeTarget section */

/* Begin PBXProject section */
		E3A403CC1769A7FA00E77689 /* Project object */ = {
			isa = PBXProject;
			attributes = {
				LastUpgradeCheck = 1030;
				ORGANIZATIONNAME = "N G Rawlings";
				TargetAttributes = {
					973DEAA122AA9FF800411B1C = {
						CreatedOnToolsVersion = 10.2.1;
						DevelopmentTeam = 4MASABRRSM;
						ProvisioningStyle = Automatic;
					};
					97A337C522A52879007341E7 = {
						CreatedOnToolsVersion = 10.2.1;
						DevelopmentTeam = 4MASABRRSM;
						ProvisioningStyle = Automatic;
					};
				};
			};
			buildConfigurationList = E3A403CF1769A7FA00E77689 /* Build configuration list for PBXProject "libNrCore" */;
			compatibilityVersion = "Xcode 3.2";
			developmentRegion = en;
			hasScannedForEncodings = 0;
			knownRegions = (
				en,
				Base,
			);
			mainGroup = E3A403CB1769A7FA00E77689;
			productRefGroup = E3A403D51769A7FA00E77689 /* Products */;
			projectDirPath = "";
			projectRoot = "";
			targets = (
				E315FB25176CE43500D8F924 /* libnrcore */,
				97A337C522A52879007341E7 /* UnitTests */,
				973DEAA122AA9FF800411B1C /* libnrcore_ios */,
			);
		};
/* End PBXProject section */

/* Begin PBXSourcesBuildPhase section */
		97A337C222A52879007341E7 /* Sources */ = {
			isa = PBXSourcesBuildPhase;
			buildActionMask = 2147483647;
			files = (
				97A337C922A52879007341E7 /* main.cpp in Sources */,
				97A337D222A52B47007341E7 /* String.cpp in Sources */,
				97A337D122A528D7007341E7 /* ByteArray.cpp in Sources */,
			);
			runOnlyForDeploymentPostprocessing = 0;
		};
		E315FB22176CE43500D8F924 /* Sources */ = {
			isa = PBXSourcesBuildPhase;
			buildActionMask = 2147483647;
			files = (
				97C23F1B2298107F006952E4 /* RegularExpression.cpp in Sources */,
				97C23F1F2298107F006952E4 /* StringList.cpp in Sources */,
				97C23F102298107F006952E4 /* String.cpp in Sources */,
				97C23F2322981091006952E4 /* ByteUtils.cpp in Sources */,
				97C23F152298107F006952E4 /* ByteArray.cpp in Sources */,
				97C23F112298107F006952E4 /* RingBuffer.cpp in Sources */,
			);
			runOnlyForDeploymentPostprocessing = 0;
		};
/* End PBXSourcesBuildPhase section */

/* Begin XCBuildConfiguration section */
		973DEAA222AA9FF800411B1C /* Debug */ = {
			isa = XCBuildConfiguration;
			buildSettings = {
				CLANG_ANALYZER_NONNULL = YES;
				CLANG_ANALYZER_NUMBER_OBJECT_CONVERSION = YES_AGGRESSIVE;
				CLANG_CXX_LANGUAGE_STANDARD = "gnu++14";
				CLANG_ENABLE_MODULES = YES;
				CLANG_ENABLE_OBJC_ARC = YES;
				CLANG_ENABLE_OBJC_WEAK = YES;
				CLANG_WARN_DIRECT_OBJC_ISA_USAGE = YES_ERROR;
				CLANG_WARN_DOCUMENTATION_COMMENTS = YES;
				CLANG_WARN_OBJC_ROOT_CLASS = YES_ERROR;
				CLANG_WARN_UNGUARDED_AVAILABILITY = YES_AGGRESSIVE;
				CODE_SIGN_STYLE = Automatic;
				DEBUGGING_SYMBOLS = YES;
				DEBUG_INFORMATION_FORMAT = dwarf;
				DEVELOPMENT_TEAM = 4MASABRRSM;
				GCC_C_LANGUAGE_STANDARD = gnu11;
				GCC_DYNAMIC_NO_PIC = NO;
				GCC_GENERATE_DEBUGGING_SYMBOLS = YES;
				GCC_OPTIMIZATION_LEVEL = 0;
				GCC_WARN_ABOUT_RETURN_TYPE = YES_ERROR;
				GCC_WARN_UNINITIALIZED_AUTOS = YES_AGGRESSIVE;
				MTL_ENABLE_DEBUG_INFO = INCLUDE_SOURCE;
				MTL_FAST_MATH = YES;
				OTHER_CFLAGS = "";
				OTHER_LDFLAGS = "";
				PRODUCT_NAME = "$(TARGET_NAME)";
				SDKROOT = iphoneos;
			};
			name = Debug;
		};
		973DEAA322AA9FF800411B1C /* Release */ = {
			isa = XCBuildConfiguration;
			buildSettings = {
				CLANG_ANALYZER_NONNULL = YES;
				CLANG_ANALYZER_NUMBER_OBJECT_CONVERSION = YES_AGGRESSIVE;
				CLANG_CXX_LANGUAGE_STANDARD = "gnu++14";
				CLANG_ENABLE_MODULES = YES;
				CLANG_ENABLE_OBJC_ARC = YES;
				CLANG_ENABLE_OBJC_WEAK = YES;
				CLANG_WARN_DIRECT_OBJC_ISA_USAGE = YES_ERROR;
				CLANG_WARN_DOCUMENTATION_COMMENTS = YES;
				CLANG_WARN_OBJC_ROOT_CLASS = YES_ERROR;
				CLANG_WARN_UNGUARDED_AVAILABILITY = YES_AGGRESSIVE;
				CODE_SIGN_STYLE = Automatic;
				COPY_PHASE_STRIP = NO;
				DEBUG_INFORMATION_FORMAT = "dwarf-with-dsym";
				DEVELOPMENT_TEAM = 4MASABRRSM;
				ENABLE_NS_ASSERTIONS = NO;
				GCC_C_LANGUAGE_STANDARD = gnu11;
				GCC_WARN_ABOUT_RETURN_TYPE = YES_ERROR;
				GCC_WARN_UNINITIALIZED_AUTOS = YES_AGGRESSIVE;
				MTL_ENABLE_DEBUG_INFO = NO;
				MTL_FAST_MATH = YES;
				OTHER_CFLAGS = "";
				OTHER_LDFLAGS = "";
				PRODUCT_NAME = "$(TARGET_NAME)";
				SDKROOT = iphoneos;
			};
			name = Release;
		};
		97A337CB22A52879007341E7 /* Debug */ = {
			isa = XCBuildConfiguration;
			buildSettings = {
				CLANG_ANALYZER_NONNULL = YES;
				CLANG_ANALYZER_NUMBER_OBJECT_CONVERSION = YES_AGGRESSIVE;
				CLANG_CXX_LANGUAGE_STANDARD = "gnu++14";
				CLANG_ENABLE_MODULES = YES;
				CLANG_ENABLE_OBJC_ARC = YES;
				CLANG_ENABLE_OBJC_WEAK = YES;
				CLANG_WARN_DIRECT_OBJC_ISA_USAGE = YES_ERROR;
				CLANG_WARN_DOCUMENTATION_COMMENTS = YES;
				CLANG_WARN_OBJC_ROOT_CLASS = YES_ERROR;
				CLANG_WARN_UNGUARDED_AVAILABILITY = YES_AGGRESSIVE;
				CODE_SIGN_IDENTITY = "Mac Developer";
				CODE_SIGN_STYLE = Automatic;
				DEBUG_INFORMATION_FORMAT = dwarf;
				DEVELOPMENT_TEAM = 4MASABRRSM;
				GCC_C_LANGUAGE_STANDARD = gnu11;
				GCC_DYNAMIC_NO_PIC = NO;
				GCC_WARN_ABOUT_RETURN_TYPE = YES_ERROR;
				GCC_WARN_UNINITIALIZED_AUTOS = YES_AGGRESSIVE;
				HEADER_SEARCH_PATHS = (
					"$(SRCROOT)",
					"\"$(SRCROOT)/../LibNrDebug/\"",
					/usr/local/include,
				);
				LIBRARY_SEARCH_PATHS = "\"$(SRCROOT)/../../../Library/Developer/Xcode/DerivedData/libnr-ceoshwjgymdvxxfrzavtxkumodon/Build/Products/Debug/\"";
				MACH_O_TYPE = mh_execute;
				MACOSX_DEPLOYMENT_TARGET = 10.14;
				MTL_ENABLE_DEBUG_INFO = INCLUDE_SOURCE;
				MTL_FAST_MATH = YES;
				PRODUCT_NAME = "$(TARGET_NAME)";
			};
			name = Debug;
		};
		97A337CC22A52879007341E7 /* Release */ = {
			isa = XCBuildConfiguration;
			buildSettings = {
				CLANG_ANALYZER_NONNULL = YES;
				CLANG_ANALYZER_NUMBER_OBJECT_CONVERSION = YES_AGGRESSIVE;
				CLANG_CXX_LANGUAGE_STANDARD = "gnu++14";
				CLANG_ENABLE_MODULES = YES;
				CLANG_ENABLE_OBJC_ARC = YES;
				CLANG_ENABLE_OBJC_WEAK = YES;
				CLANG_WARN_DIRECT_OBJC_ISA_USAGE = YES_ERROR;
				CLANG_WARN_DOCUMENTATION_COMMENTS = YES;
				CLANG_WARN_OBJC_ROOT_CLASS = YES_ERROR;
				CLANG_WARN_UNGUARDED_AVAILABILITY = YES_AGGRESSIVE;
				CODE_SIGN_IDENTITY = "Mac Developer";
				CODE_SIGN_STYLE = Automatic;
				COPY_PHASE_STRIP = NO;
				DEVELOPMENT_TEAM = 4MASABRRSM;
				ENABLE_NS_ASSERTIONS = NO;
				GCC_C_LANGUAGE_STANDARD = gnu11;
				GCC_WARN_ABOUT_RETURN_TYPE = YES_ERROR;
				GCC_WARN_UNINITIALIZED_AUTOS = YES_AGGRESSIVE;
				HEADER_SEARCH_PATHS = (
					"$(SRCROOT)",
					"\"$(SRCROOT)/../LibNrDebug/\"",
					/usr/local/include,
				);
				LIBRARY_SEARCH_PATHS = "\"$(SRCROOT)/../../../Library/Developer/Xcode/DerivedData/libnr-ceoshwjgymdvxxfrzavtxkumodon/Build/Products/Debug/\"";
				MACH_O_TYPE = mh_execute;
				MACOSX_DEPLOYMENT_TARGET = 10.14;
				MTL_ENABLE_DEBUG_INFO = NO;
				MTL_FAST_MATH = YES;
				PRODUCT_NAME = "$(TARGET_NAME)";
			};
			name = Release;
		};
		E315FB28176CE43500D8F924 /* Debug */ = {
			isa = XCBuildConfiguration;
			buildSettings = {
				ALWAYS_SEARCH_USER_PATHS = YES;
				CLANG_ENABLE_OBJC_WEAK = YES;
				COMBINE_HIDPI_IMAGES = YES;
				EXECUTABLE_PREFIX = "";
				GCC_DYNAMIC_NO_PIC = NO;
				GCC_ENABLE_OBJC_EXCEPTIONS = YES;
				HEADER_SEARCH_PATHS = (
					.,
					/usr/local/include,
					/usr/include/libxml2,
				);
				OTHER_CFLAGS = "-DWITH_LIBCURL";
				PRIVATE_HEADERS_FOLDER_PATH = /usr/local/include/;
				PRODUCT_NAME = "$(TARGET_NAME)";
				USER_HEADER_SEARCH_PATHS = "";
			};
			name = Debug;
		};
		E315FB29176CE43500D8F924 /* Release */ = {
			isa = XCBuildConfiguration;
			buildSettings = {
				ALWAYS_SEARCH_USER_PATHS = YES;
				CLANG_ENABLE_OBJC_WEAK = YES;
				COMBINE_HIDPI_IMAGES = YES;
				EXECUTABLE_PREFIX = "";
				GCC_ENABLE_OBJC_EXCEPTIONS = YES;
				HEADER_SEARCH_PATHS = (
					.,
					/usr/local/include,
					/usr/include/libxml2,
				);
				OTHER_CFLAGS = "-DWITH_LIBCURL";
				PRIVATE_HEADERS_FOLDER_PATH = /usr/local/include/;
				PRODUCT_NAME = "$(TARGET_NAME)";
				USER_HEADER_SEARCH_PATHS = "";
			};
			name = Release;
		};
		E3A403D61769A7FA00E77689 /* Debug */ = {
			isa = XCBuildConfiguration;
			buildSettings = {
				ALWAYS_SEARCH_USER_PATHS = NO;
				CLANG_ANALYZER_LOCALIZABILITY_NONLOCALIZED = YES;
				CLANG_CXX_LANGUAGE_STANDARD = "gnu++0x";
				CLANG_CXX_LIBRARY = "libc++";
				CLANG_LINK_OBJC_RUNTIME = NO;
				CLANG_WARN_BLOCK_CAPTURE_AUTORELEASING = YES;
				CLANG_WARN_BOOL_CONVERSION = YES;
				CLANG_WARN_COMMA = YES;
				CLANG_WARN_CONSTANT_CONVERSION = YES;
				CLANG_WARN_DEPRECATED_OBJC_IMPLEMENTATIONS = YES;
				CLANG_WARN_EMPTY_BODY = YES;
				CLANG_WARN_ENUM_CONVERSION = YES;
				CLANG_WARN_INFINITE_RECURSION = YES;
				CLANG_WARN_INT_CONVERSION = YES;
				CLANG_WARN_NON_LITERAL_NULL_CONVERSION = YES;
				CLANG_WARN_OBJC_IMPLICIT_RETAIN_SELF = YES;
				CLANG_WARN_OBJC_LITERAL_CONVERSION = YES;
				CLANG_WARN_RANGE_LOOP_ANALYSIS = YES;
				CLANG_WARN_STRICT_PROTOTYPES = YES;
				CLANG_WARN_SUSPICIOUS_MOVE = YES;
				CLANG_WARN_UNREACHABLE_CODE = YES;
				CLANG_WARN__DUPLICATE_METHOD_MATCH = YES;
				CONFIGURATION_BUILD_DIR = "./$(CONFIGURATION)$(EFFECTIVE_PLATFORM_NAME)";
				COPY_PHASE_STRIP = NO;
				ENABLE_STRICT_OBJC_MSGSEND = YES;
				ENABLE_TESTABILITY = YES;
				EXCLUDED_RECURSIVE_SEARCH_PATH_SUBDIRECTORIES = "*.nib *.lproj *.framework *.gch *.xcode* (*) .DS_Store CVS .svn .git .hg";
				GCC_C_LANGUAGE_STANDARD = gnu99;
				GCC_DYNAMIC_NO_PIC = YES;
				GCC_ENABLE_OBJC_EXCEPTIONS = NO;
				GCC_NO_COMMON_BLOCKS = YES;
				GCC_OPTIMIZATION_LEVEL = 0;
				GCC_PREPROCESSOR_DEFINITIONS = (
					"DEBUG=1",
					"$(inherited)",
				);
				GCC_SYMBOLS_PRIVATE_EXTERN = NO;
				GCC_WARN_64_TO_32_BIT_CONVERSION = YES;
				GCC_WARN_ABOUT_RETURN_TYPE = YES;
				GCC_WARN_UNDECLARED_SELECTOR = YES;
				GCC_WARN_UNINITIALIZED_AUTOS = YES;
				GCC_WARN_UNUSED_FUNCTION = YES;
				GCC_WARN_UNUSED_VARIABLE = YES;
				GENERATE_MASTER_OBJECT_FILE = NO;
				HEADER_SEARCH_PATHS = (
					"$(SRCROOT)",
					/usr/local/include,
				);
				MACH_O_TYPE = staticlib;
				MACOSX_DEPLOYMENT_TARGET = 10.8;
				ONLY_ACTIVE_ARCH = YES;
				SDKROOT = macosx;
				USER_HEADER_SEARCH_PATHS = "";
				USE_HEADERMAP = NO;
			};
			name = Debug;
		};
		E3A403D71769A7FA00E77689 /* Release */ = {
			isa = XCBuildConfiguration;
			buildSettings = {
				ALWAYS_SEARCH_USER_PATHS = NO;
				CLANG_ANALYZER_LOCALIZABILITY_NONLOCALIZED = YES;
				CLANG_CXX_LANGUAGE_STANDARD = "gnu++0x";
				CLANG_CXX_LIBRARY = "libc++";
				CLANG_LINK_OBJC_RUNTIME = NO;
				CLANG_WARN_BLOCK_CAPTURE_AUTORELEASING = YES;
				CLANG_WARN_BOOL_CONVERSION = YES;
				CLANG_WARN_COMMA = YES;
				CLANG_WARN_CONSTANT_CONVERSION = YES;
				CLANG_WARN_DEPRECATED_OBJC_IMPLEMENTATIONS = YES;
				CLANG_WARN_EMPTY_BODY = YES;
				CLANG_WARN_ENUM_CONVERSION = YES;
				CLANG_WARN_INFINITE_RECURSION = YES;
				CLANG_WARN_INT_CONVERSION = YES;
				CLANG_WARN_NON_LITERAL_NULL_CONVERSION = YES;
				CLANG_WARN_OBJC_IMPLICIT_RETAIN_SELF = YES;
				CLANG_WARN_OBJC_LITERAL_CONVERSION = YES;
				CLANG_WARN_RANGE_LOOP_ANALYSIS = YES;
				CLANG_WARN_STRICT_PROTOTYPES = YES;
				CLANG_WARN_SUSPICIOUS_MOVE = YES;
				CLANG_WARN_UNREACHABLE_CODE = YES;
				CLANG_WARN__DUPLICATE_METHOD_MATCH = YES;
				CONFIGURATION_BUILD_DIR = "./$(CONFIGURATION)$(EFFECTIVE_PLATFORM_NAME)";
				COPY_PHASE_STRIP = YES;
				DEBUG_INFORMATION_FORMAT = "dwarf-with-dsym";
				ENABLE_STRICT_OBJC_MSGSEND = YES;
				EXCLUDED_RECURSIVE_SEARCH_PATH_SUBDIRECTORIES = "*.nib *.lproj *.framework *.gch *.xcode* (*) .DS_Store CVS .svn .git .hg";
				GCC_C_LANGUAGE_STANDARD = gnu99;
				GCC_DYNAMIC_NO_PIC = YES;
				GCC_ENABLE_OBJC_EXCEPTIONS = NO;
				GCC_NO_COMMON_BLOCKS = YES;
				GCC_WARN_64_TO_32_BIT_CONVERSION = YES;
				GCC_WARN_ABOUT_RETURN_TYPE = YES;
				GCC_WARN_UNDECLARED_SELECTOR = YES;
				GCC_WARN_UNINITIALIZED_AUTOS = YES;
				GCC_WARN_UNUSED_FUNCTION = YES;
				GCC_WARN_UNUSED_VARIABLE = YES;
				GENERATE_MASTER_OBJECT_FILE = NO;
				HEADER_SEARCH_PATHS = (
					"$(SRCROOT)",
					/usr/local/include,
				);
				MACH_O_TYPE = staticlib;
				MACOSX_DEPLOYMENT_TARGET = 10.8;
				SDKROOT = macosx;
				USER_HEADER_SEARCH_PATHS = "";
				USE_HEADERMAP = NO;
			};
			name = Release;
		};
/* End XCBuildConfiguration section */

/* Begin XCConfigurationList section */
		973DEAA422AA9FF800411B1C /* Build configuration list for PBXLegacyTarget "libnrcore_ios" */ = {
			isa = XCConfigurationList;
			buildConfigurations = (
				973DEAA222AA9FF800411B1C /* Debug */,
				973DEAA322AA9FF800411B1C /* Release */,
			);
			defaultConfigurationIsVisible = 0;
			defaultConfigurationName = Release;
		};
		97A337CA22A52879007341E7 /* Build configuration list for PBXNativeTarget "UnitTests" */ = {
			isa = XCConfigurationList;
			buildConfigurations = (
				97A337CB22A52879007341E7 /* Debug */,
				97A337CC22A52879007341E7 /* Release */,
			);
			defaultConfigurationIsVisible = 0;
			defaultConfigurationName = Release;
		};
		E315FB27176CE43500D8F924 /* Build configuration list for PBXNativeTarget "libnrcore" */ = {
			isa = XCConfigurationList;
			buildConfigurations = (
				E315FB28176CE43500D8F924 /* Debug */,
				E315FB29176CE43500D8F924 /* Release */,
			);
			defaultConfigurationIsVisible = 0;
			defaultConfigurationName = Release;
		};
		E3A403CF1769A7FA00E77689 /* Build configuration list for PBXProject "libNrCore" */ = {
			isa = XCConfigurationList;
			buildConfigurations = (
				E3A403D61769A7FA00E77689 /* Debug */,
				E3A403D71769A7FA00E77689 /* Release */,
			);
			defaultConfigurationIsVisible = 0;
			defaultConfigurationName = Release;
		};
/* End XCConfigurationList section */
	};
	rootObject = E3A403CC1769A7FA00E77689 /* Project object */;
}
