// !$*UTF8*$!
{
	archiveVersion = 1;
	classes = {
	};
	objectVersion = 46;
	objects = {

/* Begin PBXBuildFile section */
		97B4677A1C9AFCFC00DD2C30 /* Array.h in Headers */ = {isa = PBXBuildFile; fileRef = 97B467611C9AFCFC00DD2C30 /* Array.h */; };
		97B4677B1C9AFCFC00DD2C30 /* ByteArray.cpp in Sources */ = {isa = PBXBuildFile; fileRef = 97B467621C9AFCFC00DD2C30 /* ByteArray.cpp */; };
		97B4677C1C9AFCFC00DD2C30 /* ByteArray.h in Headers */ = {isa = PBXBuildFile; fileRef = 97B467631C9AFCFC00DD2C30 /* ByteArray.h */; };
		97B4677D1C9AFCFC00DD2C30 /* DescriptorInstanceMap.h in Headers */ = {isa = PBXBuildFile; fileRef = 97B467641C9AFCFC00DD2C30 /* DescriptorInstanceMap.h */; };
		97B4677E1C9AFCFC00DD2C30 /* File.h in Headers */ = {isa = PBXBuildFile; fileRef = 97B467651C9AFCFC00DD2C30 /* File.h */; };
		97B4677F1C9AFCFC00DD2C30 /* HashMap.h in Headers */ = {isa = PBXBuildFile; fileRef = 97B467661C9AFCFC00DD2C30 /* HashMap.h */; };
		97B467801C9AFCFC00DD2C30 /* IndexedList.h in Headers */ = {isa = PBXBuildFile; fileRef = 97B467671C9AFCFC00DD2C30 /* IndexedList.h */; };
		97B467811C9AFCFC00DD2C30 /* InstancePool.h in Headers */ = {isa = PBXBuildFile; fileRef = 97B467681C9AFCFC00DD2C30 /* InstancePool.h */; };
		97B467821C9AFCFC00DD2C30 /* LinkedList.h in Headers */ = {isa = PBXBuildFile; fileRef = 97B467691C9AFCFC00DD2C30 /* LinkedList.h */; };
		97B467831C9AFCFC00DD2C30 /* Memory.cpp in Sources */ = {isa = PBXBuildFile; fileRef = 97B4676A1C9AFCFC00DD2C30 /* Memory.cpp */; };
		97B467841C9AFCFC00DD2C30 /* Memory.h in Headers */ = {isa = PBXBuildFile; fileRef = 97B4676B1C9AFCFC00DD2C30 /* Memory.h */; };
		97B467851C9AFCFC00DD2C30 /* ObjectArray.h in Headers */ = {isa = PBXBuildFile; fileRef = 97B4676C1C9AFCFC00DD2C30 /* ObjectArray.h */; };
		97B467861C9AFCFC00DD2C30 /* ObjectBlockArray.h in Headers */ = {isa = PBXBuildFile; fileRef = 97B4676D1C9AFCFC00DD2C30 /* ObjectBlockArray.h */; };
		97B467871C9AFCFC00DD2C30 /* Ref.h in Headers */ = {isa = PBXBuildFile; fileRef = 97B4676E1C9AFCFC00DD2C30 /* Ref.h */; };
		97B467881C9AFCFC00DD2C30 /* RefArray.h in Headers */ = {isa = PBXBuildFile; fileRef = 97B4676F1C9AFCFC00DD2C30 /* RefArray.h */; };
		97B467891C9AFCFC00DD2C30 /* RegularExpression.cpp in Sources */ = {isa = PBXBuildFile; fileRef = 97B467701C9AFCFC00DD2C30 /* RegularExpression.cpp */; };
		97B4678A1C9AFCFC00DD2C30 /* RegularExpression.h in Headers */ = {isa = PBXBuildFile; fileRef = 97B467711C9AFCFC00DD2C30 /* RegularExpression.h */; };
		97B4678B1C9AFCFC00DD2C30 /* RingBuffer.cpp in Sources */ = {isa = PBXBuildFile; fileRef = 97B467721C9AFCFC00DD2C30 /* RingBuffer.cpp */; };
		97B4678C1C9AFCFC00DD2C30 /* RingBuffer.h in Headers */ = {isa = PBXBuildFile; fileRef = 97B467731C9AFCFC00DD2C30 /* RingBuffer.h */; };
		97B4678D1C9AFCFC00DD2C30 /* StaticArray.h in Headers */ = {isa = PBXBuildFile; fileRef = 97B467741C9AFCFC00DD2C30 /* StaticArray.h */; };
		97B4678E1C9AFCFC00DD2C30 /* String.cpp in Sources */ = {isa = PBXBuildFile; fileRef = 97B467751C9AFCFC00DD2C30 /* String.cpp */; };
		97B4678F1C9AFCFC00DD2C30 /* String.h in Headers */ = {isa = PBXBuildFile; fileRef = 97B467761C9AFCFC00DD2C30 /* String.h */; };
		97B467901C9AFCFC00DD2C30 /* StringList.cpp in Sources */ = {isa = PBXBuildFile; fileRef = 97B467771C9AFCFC00DD2C30 /* StringList.cpp */; };
		97B467911C9AFCFC00DD2C30 /* StringList.h in Headers */ = {isa = PBXBuildFile; fileRef = 97B467781C9AFCFC00DD2C30 /* StringList.h */; };
		E315FB45176CE59400D8F924 /* ByteUtils.cpp in Sources */ = {isa = PBXBuildFile; fileRef = E3A404881769B06500E77689 /* ByteUtils.cpp */; };
		E382FE8A176D3D1D002BC244 /* nrcore.h in Headers */ = {isa = PBXBuildFile; fileRef = E382FE89176D3D1D002BC244 /* nrcore.h */; };
		E383B29F17AD3A1B00C51627 /* Object.cpp in Sources */ = {isa = PBXBuildFile; fileRef = E383B29D17AD3A1B00C51627 /* Object.cpp */; };
		E383B2A017AD3A1B00C51627 /* Object.h in Headers */ = {isa = PBXBuildFile; fileRef = E383B29E17AD3A1B00C51627 /* Object.h */; };
/* End PBXBuildFile section */

/* Begin PBXContainerItemProxy section */
		E34F3E5917EE388500B68D35 /* PBXContainerItemProxy */ = {
			isa = PBXContainerItemProxy;
			containerPortal = E34F3E5517EE388400B68D35 /* UnitTest.xcodeproj */;
			proxyType = 2;
			remoteGlobalIDString = E34F3E4917EE388400B68D35;
			remoteInfo = UnitTest;
		};
/* End PBXContainerItemProxy section */

/* Begin PBXFileReference section */
		97B467611C9AFCFC00DD2C30 /* Array.h */ = {isa = PBXFileReference; fileEncoding = 4; lastKnownFileType = sourcecode.c.h; name = Array.h; path = libnrcore/memory/Array.h; sourceTree = "<group>"; };
		97B467621C9AFCFC00DD2C30 /* ByteArray.cpp */ = {isa = PBXFileReference; fileEncoding = 4; lastKnownFileType = sourcecode.cpp.cpp; name = ByteArray.cpp; path = libnrcore/memory/ByteArray.cpp; sourceTree = "<group>"; };
		97B467631C9AFCFC00DD2C30 /* ByteArray.h */ = {isa = PBXFileReference; fileEncoding = 4; lastKnownFileType = sourcecode.c.h; name = ByteArray.h; path = libnrcore/memory/ByteArray.h; sourceTree = "<group>"; };
		97B467641C9AFCFC00DD2C30 /* DescriptorInstanceMap.h */ = {isa = PBXFileReference; fileEncoding = 4; lastKnownFileType = sourcecode.c.h; name = DescriptorInstanceMap.h; path = libnrcore/memory/DescriptorInstanceMap.h; sourceTree = "<group>"; };
		97B467651C9AFCFC00DD2C30 /* File.h */ = {isa = PBXFileReference; fileEncoding = 4; lastKnownFileType = sourcecode.c.h; name = File.h; path = libnrcore/memory/File.h; sourceTree = "<group>"; };
		97B467661C9AFCFC00DD2C30 /* HashMap.h */ = {isa = PBXFileReference; fileEncoding = 4; lastKnownFileType = sourcecode.c.h; name = HashMap.h; path = libnrcore/memory/HashMap.h; sourceTree = "<group>"; };
		97B467671C9AFCFC00DD2C30 /* IndexedList.h */ = {isa = PBXFileReference; fileEncoding = 4; lastKnownFileType = sourcecode.c.h; name = IndexedList.h; path = libnrcore/memory/IndexedList.h; sourceTree = "<group>"; };
		97B467681C9AFCFC00DD2C30 /* InstancePool.h */ = {isa = PBXFileReference; fileEncoding = 4; lastKnownFileType = sourcecode.c.h; name = InstancePool.h; path = libnrcore/memory/InstancePool.h; sourceTree = "<group>"; };
		97B467691C9AFCFC00DD2C30 /* LinkedList.h */ = {isa = PBXFileReference; fileEncoding = 4; lastKnownFileType = sourcecode.c.h; name = LinkedList.h; path = libnrcore/memory/LinkedList.h; sourceTree = "<group>"; };
		97B4676A1C9AFCFC00DD2C30 /* Memory.cpp */ = {isa = PBXFileReference; fileEncoding = 4; lastKnownFileType = sourcecode.cpp.cpp; name = Memory.cpp; path = libnrcore/memory/Memory.cpp; sourceTree = "<group>"; };
		97B4676B1C9AFCFC00DD2C30 /* Memory.h */ = {isa = PBXFileReference; fileEncoding = 4; lastKnownFileType = sourcecode.c.h; name = Memory.h; path = libnrcore/memory/Memory.h; sourceTree = "<group>"; };
		97B4676C1C9AFCFC00DD2C30 /* ObjectArray.h */ = {isa = PBXFileReference; fileEncoding = 4; lastKnownFileType = sourcecode.c.h; name = ObjectArray.h; path = libnrcore/memory/ObjectArray.h; sourceTree = "<group>"; };
		97B4676D1C9AFCFC00DD2C30 /* ObjectBlockArray.h */ = {isa = PBXFileReference; fileEncoding = 4; lastKnownFileType = sourcecode.c.h; name = ObjectBlockArray.h; path = libnrcore/memory/ObjectBlockArray.h; sourceTree = "<group>"; };
		97B4676E1C9AFCFC00DD2C30 /* Ref.h */ = {isa = PBXFileReference; fileEncoding = 4; lastKnownFileType = sourcecode.c.h; name = Ref.h; path = libnrcore/memory/Ref.h; sourceTree = "<group>"; };
		97B4676F1C9AFCFC00DD2C30 /* RefArray.h */ = {isa = PBXFileReference; fileEncoding = 4; lastKnownFileType = sourcecode.c.h; name = RefArray.h; path = libnrcore/memory/RefArray.h; sourceTree = "<group>"; };
		97B467701C9AFCFC00DD2C30 /* RegularExpression.cpp */ = {isa = PBXFileReference; fileEncoding = 4; lastKnownFileType = sourcecode.cpp.cpp; name = RegularExpression.cpp; path = libnrcore/memory/RegularExpression.cpp; sourceTree = "<group>"; };
		97B467711C9AFCFC00DD2C30 /* RegularExpression.h */ = {isa = PBXFileReference; fileEncoding = 4; lastKnownFileType = sourcecode.c.h; name = RegularExpression.h; path = libnrcore/memory/RegularExpression.h; sourceTree = "<group>"; };
		97B467721C9AFCFC00DD2C30 /* RingBuffer.cpp */ = {isa = PBXFileReference; fileEncoding = 4; lastKnownFileType = sourcecode.cpp.cpp; name = RingBuffer.cpp; path = libnrcore/memory/RingBuffer.cpp; sourceTree = "<group>"; };
		97B467731C9AFCFC00DD2C30 /* RingBuffer.h */ = {isa = PBXFileReference; fileEncoding = 4; lastKnownFileType = sourcecode.c.h; name = RingBuffer.h; path = libnrcore/memory/RingBuffer.h; sourceTree = "<group>"; };
		97B467741C9AFCFC00DD2C30 /* StaticArray.h */ = {isa = PBXFileReference; fileEncoding = 4; lastKnownFileType = sourcecode.c.h; name = StaticArray.h; path = libnrcore/memory/StaticArray.h; sourceTree = "<group>"; };
		97B467751C9AFCFC00DD2C30 /* String.cpp */ = {isa = PBXFileReference; fileEncoding = 4; lastKnownFileType = sourcecode.cpp.cpp; name = String.cpp; path = libnrcore/memory/String.cpp; sourceTree = "<group>"; };
		97B467761C9AFCFC00DD2C30 /* String.h */ = {isa = PBXFileReference; fileEncoding = 4; lastKnownFileType = sourcecode.c.h; name = String.h; path = libnrcore/memory/String.h; sourceTree = "<group>"; };
		97B467771C9AFCFC00DD2C30 /* StringList.cpp */ = {isa = PBXFileReference; fileEncoding = 4; lastKnownFileType = sourcecode.cpp.cpp; name = StringList.cpp; path = libnrcore/memory/StringList.cpp; sourceTree = "<group>"; };
		97B467781C9AFCFC00DD2C30 /* StringList.h */ = {isa = PBXFileReference; fileEncoding = 4; lastKnownFileType = sourcecode.c.h; name = StringList.h; path = libnrcore/memory/StringList.h; sourceTree = "<group>"; };
		E315FB26176CE43500D8F924 /* libnrcore.a */ = {isa = PBXFileReference; explicitFileType = archive.ar; includeInIndex = 0; path = libnrcore.a; sourceTree = BUILT_PRODUCTS_DIR; };
		E3351D1B180E82BC0019C0B7 /* types.h */ = {isa = PBXFileReference; lastKnownFileType = sourcecode.c.h; name = types.h; path = libnrcore/types.h; sourceTree = "<group>"; };
		E34F3E5517EE388400B68D35 /* UnitTest.xcodeproj */ = {isa = PBXFileReference; lastKnownFileType = "wrapper.pb-project"; name = UnitTest.xcodeproj; path = UnitTest/UnitTest.xcodeproj; sourceTree = "<group>"; };
		E382FE89176D3D1D002BC244 /* nrcore.h */ = {isa = PBXFileReference; fileEncoding = 4; lastKnownFileType = sourcecode.c.h; name = nrcore.h; path = libnrcore/nrcore.h; sourceTree = "<group>"; };
		E383B29D17AD3A1B00C51627 /* Object.cpp */ = {isa = PBXFileReference; fileEncoding = 4; lastKnownFileType = sourcecode.cpp.cpp; name = Object.cpp; path = libnrcore/base/Object.cpp; sourceTree = "<group>"; };
		E383B29E17AD3A1B00C51627 /* Object.h */ = {isa = PBXFileReference; fileEncoding = 4; lastKnownFileType = sourcecode.c.h; name = Object.h; path = libnrcore/base/Object.h; sourceTree = "<group>"; };
		E3A404851769B02C00E77689 /* Exception.h */ = {isa = PBXFileReference; fileEncoding = 4; lastKnownFileType = sourcecode.c.h; name = Exception.h; path = libnrcore/exception/Exception.h; sourceTree = "<group>"; };
		E3A404881769B06500E77689 /* ByteUtils.cpp */ = {isa = PBXFileReference; fileEncoding = 4; lastKnownFileType = sourcecode.cpp.cpp; name = ByteUtils.cpp; path = libnrcore/utils/ByteUtils.cpp; sourceTree = "<group>"; };
		E3A404891769B06500E77689 /* ByteUtils.h */ = {isa = PBXFileReference; fileEncoding = 4; lastKnownFileType = sourcecode.c.h; name = ByteUtils.h; path = libnrcore/utils/ByteUtils.h; sourceTree = "<group>"; };
		E3AEDC8417E9DF6900B8CDB5 /* Foundation.framework */ = {isa = PBXFileReference; lastKnownFileType = wrapper.framework; name = Foundation.framework; path = System/Library/Frameworks/Foundation.framework; sourceTree = SDKROOT; };
		E3AEDC8817E9DF6900B8CDB5 /* libNRCore-Prefix.pch */ = {isa = PBXFileReference; lastKnownFileType = sourcecode.c.h; path = "libNRCore-Prefix.pch"; sourceTree = "<group>"; };
		E3AEDC8917E9DF6900B8CDB5 /* libNRCore.h */ = {isa = PBXFileReference; lastKnownFileType = sourcecode.c.h; path = libNRCore.h; sourceTree = "<group>"; };
		E3AEDC8B17E9DF6900B8CDB5 /* libNRCore.m */ = {isa = PBXFileReference; lastKnownFileType = sourcecode.c.objc; path = libNRCore.m; sourceTree = "<group>"; };
/* End PBXFileReference section */

/* Begin PBXFrameworksBuildPhase section */
		E315FB23176CE43500D8F924 /* Frameworks */ = {
			isa = PBXFrameworksBuildPhase;
			buildActionMask = 2147483647;
			files = (
			);
			runOnlyForDeploymentPostprocessing = 0;
		};
/* End PBXFrameworksBuildPhase section */

/* Begin PBXGroup section */
		97B467601C9AFCD000DD2C30 /* memory */ = {
			isa = PBXGroup;
			children = (
				97B467611C9AFCFC00DD2C30 /* Array.h */,
				97B467621C9AFCFC00DD2C30 /* ByteArray.cpp */,
				97B467631C9AFCFC00DD2C30 /* ByteArray.h */,
				97B467641C9AFCFC00DD2C30 /* DescriptorInstanceMap.h */,
				97B467651C9AFCFC00DD2C30 /* File.h */,
				97B467661C9AFCFC00DD2C30 /* HashMap.h */,
				97B467671C9AFCFC00DD2C30 /* IndexedList.h */,
				97B467681C9AFCFC00DD2C30 /* InstancePool.h */,
				97B467691C9AFCFC00DD2C30 /* LinkedList.h */,
				97B4676A1C9AFCFC00DD2C30 /* Memory.cpp */,
				97B4676B1C9AFCFC00DD2C30 /* Memory.h */,
				97B4676C1C9AFCFC00DD2C30 /* ObjectArray.h */,
				97B4676D1C9AFCFC00DD2C30 /* ObjectBlockArray.h */,
				97B4676E1C9AFCFC00DD2C30 /* Ref.h */,
				97B4676F1C9AFCFC00DD2C30 /* RefArray.h */,
				97B467701C9AFCFC00DD2C30 /* RegularExpression.cpp */,
				97B467711C9AFCFC00DD2C30 /* RegularExpression.h */,
				97B467721C9AFCFC00DD2C30 /* RingBuffer.cpp */,
				97B467731C9AFCFC00DD2C30 /* RingBuffer.h */,
				97B467741C9AFCFC00DD2C30 /* StaticArray.h */,
				97B467751C9AFCFC00DD2C30 /* String.cpp */,
				97B467761C9AFCFC00DD2C30 /* String.h */,
				97B467771C9AFCFC00DD2C30 /* StringList.cpp */,
				97B467781C9AFCFC00DD2C30 /* StringList.h */,
			);
			name = memory;
			sourceTree = "<group>";
		};
		E34F3E5617EE388400B68D35 /* Products */ = {
			isa = PBXGroup;
			children = (
				E34F3E5A17EE388500B68D35 /* UnitTest */,
			);
			name = Products;
			sourceTree = "<group>";
		};
		E383B29C17AD39E900C51627 /* base */ = {
			isa = PBXGroup;
			children = (
				E383B29E17AD3A1B00C51627 /* Object.h */,
				E383B29D17AD3A1B00C51627 /* Object.cpp */,
			);
			name = base;
			sourceTree = "<group>";
		};
		E3A403CB1769A7FA00E77689 = {
			isa = PBXGroup;
			children = (
				E3A403DB1769AECF00E77689 /* src */,
				E3AEDC8617E9DF6900B8CDB5 /* libNRCore */,
				E3AEDC8317E9DF6900B8CDB5 /* Frameworks */,
				E3A403D51769A7FA00E77689 /* Products */,
				E34F3E5517EE388400B68D35 /* UnitTest.xcodeproj */,
			);
			sourceTree = "<group>";
		};
		E3A403D51769A7FA00E77689 /* Products */ = {
			isa = PBXGroup;
			children = (
				E315FB26176CE43500D8F924 /* libnrcore.a */,
			);
			name = Products;
			sourceTree = "<group>";
		};
		E3A403DB1769AECF00E77689 /* src */ = {
			isa = PBXGroup;
			children = (
				E382FE89176D3D1D002BC244 /* nrcore.h */,
				E3351D1B180E82BC0019C0B7 /* types.h */,
				E383B29C17AD39E900C51627 /* base */,
				E3A404841769B00D00E77689 /* exception */,
				97B467601C9AFCD000DD2C30 /* memory */,
				E3A404871769B04C00E77689 /* utils */,
			);
			name = src;
			sourceTree = "<group>";
		};
		E3A404841769B00D00E77689 /* exception */ = {
			isa = PBXGroup;
			children = (
				E3A404851769B02C00E77689 /* Exception.h */,
			);
			name = exception;
			sourceTree = "<group>";
		};
		E3A404871769B04C00E77689 /* utils */ = {
			isa = PBXGroup;
			children = (
				E3A404891769B06500E77689 /* ByteUtils.h */,
				E3A404881769B06500E77689 /* ByteUtils.cpp */,
			);
			name = utils;
			sourceTree = "<group>";
		};
		E3AEDC8317E9DF6900B8CDB5 /* Frameworks */ = {
			isa = PBXGroup;
			children = (
				E3AEDC8417E9DF6900B8CDB5 /* Foundation.framework */,
			);
			name = Frameworks;
			sourceTree = "<group>";
		};
		E3AEDC8617E9DF6900B8CDB5 /* libNRCore */ = {
			isa = PBXGroup;
			children = (
				E3AEDC8917E9DF6900B8CDB5 /* libNRCore.h */,
				E3AEDC8B17E9DF6900B8CDB5 /* libNRCore.m */,
				E3AEDC8717E9DF6900B8CDB5 /* Supporting Files */,
			);
			path = libNRCore;
			sourceTree = "<group>";
		};
		E3AEDC8717E9DF6900B8CDB5 /* Supporting Files */ = {
			isa = PBXGroup;
			children = (
				E3AEDC8817E9DF6900B8CDB5 /* libNRCore-Prefix.pch */,
			);
			name = "Supporting Files";
			sourceTree = "<group>";
		};
/* End PBXGroup section */

/* Begin PBXHeadersBuildPhase section */
		E315FB24176CE43500D8F924 /* Headers */ = {
			isa = PBXHeadersBuildPhase;
			buildActionMask = 2147483647;
			files = (
				97B467801C9AFCFC00DD2C30 /* IndexedList.h in Headers */,
				97B467851C9AFCFC00DD2C30 /* ObjectArray.h in Headers */,
				97B467871C9AFCFC00DD2C30 /* Ref.h in Headers */,
				97B467881C9AFCFC00DD2C30 /* RefArray.h in Headers */,
				97B4677C1C9AFCFC00DD2C30 /* ByteArray.h in Headers */,
				97B467811C9AFCFC00DD2C30 /* InstancePool.h in Headers */,
				97B467861C9AFCFC00DD2C30 /* ObjectBlockArray.h in Headers */,
				97B467821C9AFCFC00DD2C30 /* LinkedList.h in Headers */,
				97B4677A1C9AFCFC00DD2C30 /* Array.h in Headers */,
				E382FE8A176D3D1D002BC244 /* nrcore.h in Headers */,
				97B4677F1C9AFCFC00DD2C30 /* HashMap.h in Headers */,
				97B4678A1C9AFCFC00DD2C30 /* RegularExpression.h in Headers */,
				E383B2A017AD3A1B00C51627 /* Object.h in Headers */,
				97B467911C9AFCFC00DD2C30 /* StringList.h in Headers */,
				97B467841C9AFCFC00DD2C30 /* Memory.h in Headers */,
				97B4678F1C9AFCFC00DD2C30 /* String.h in Headers */,
				97B4677E1C9AFCFC00DD2C30 /* File.h in Headers */,
				97B4678C1C9AFCFC00DD2C30 /* RingBuffer.h in Headers */,
				97B4678D1C9AFCFC00DD2C30 /* StaticArray.h in Headers */,
				97B4677D1C9AFCFC00DD2C30 /* DescriptorInstanceMap.h in Headers */,
			);
			runOnlyForDeploymentPostprocessing = 0;
		};
/* End PBXHeadersBuildPhase section */

/* Begin PBXNativeTarget section */
		E315FB25176CE43500D8F924 /* libnrcore */ = {
			isa = PBXNativeTarget;
			buildConfigurationList = E315FB27176CE43500D8F924 /* Build configuration list for PBXNativeTarget "libnrcore" */;
			buildPhases = (
				E315FB22176CE43500D8F924 /* Sources */,
				E315FB23176CE43500D8F924 /* Frameworks */,
				E315FB24176CE43500D8F924 /* Headers */,
			);
			buildRules = (
			);
			dependencies = (
			);
			name = libnrcore;
			productName = libnrcore;
			productReference = E315FB26176CE43500D8F924 /* libnrcore.a */;
			productType = "com.apple.product-type.library.static";
		};
/* End PBXNativeTarget section */

/* Begin PBXProject section */
		E3A403CC1769A7FA00E77689 /* Project object */ = {
			isa = PBXProject;
			attributes = {
				LastUpgradeCheck = 0730;
				ORGANIZATIONNAME = "N G Rawlings";
			};
			buildConfigurationList = E3A403CF1769A7FA00E77689 /* Build configuration list for PBXProject "libNRCore" */;
			compatibilityVersion = "Xcode 3.2";
			developmentRegion = English;
			hasScannedForEncodings = 0;
			knownRegions = (
				en,
			);
			mainGroup = E3A403CB1769A7FA00E77689;
			productRefGroup = E3A403D51769A7FA00E77689 /* Products */;
			projectDirPath = "";
			projectReferences = (
				{
					ProductGroup = E34F3E5617EE388400B68D35 /* Products */;
					ProjectRef = E34F3E5517EE388400B68D35 /* UnitTest.xcodeproj */;
				},
			);
			projectRoot = "";
			targets = (
				E315FB25176CE43500D8F924 /* libnrcore */,
			);
		};
/* End PBXProject section */

/* Begin PBXReferenceProxy section */
		E34F3E5A17EE388500B68D35 /* UnitTest */ = {
			isa = PBXReferenceProxy;
			fileType = "compiled.mach-o.executable";
			path = UnitTest;
			remoteRef = E34F3E5917EE388500B68D35 /* PBXContainerItemProxy */;
			sourceTree = BUILT_PRODUCTS_DIR;
		};
/* End PBXReferenceProxy section */

/* Begin PBXSourcesBuildPhase section */
		E315FB22176CE43500D8F924 /* Sources */ = {
			isa = PBXSourcesBuildPhase;
			buildActionMask = 2147483647;
			files = (
				97B467831C9AFCFC00DD2C30 /* Memory.cpp in Sources */,
				E315FB45176CE59400D8F924 /* ByteUtils.cpp in Sources */,
				97B467901C9AFCFC00DD2C30 /* StringList.cpp in Sources */,
				97B4678E1C9AFCFC00DD2C30 /* String.cpp in Sources */,
				97B4677B1C9AFCFC00DD2C30 /* ByteArray.cpp in Sources */,
				E383B29F17AD3A1B00C51627 /* Object.cpp in Sources */,
				97B467891C9AFCFC00DD2C30 /* RegularExpression.cpp in Sources */,
				97B4678B1C9AFCFC00DD2C30 /* RingBuffer.cpp in Sources */,
			);
			runOnlyForDeploymentPostprocessing = 0;
		};
/* End PBXSourcesBuildPhase section */

/* Begin XCBuildConfiguration section */
		E315FB28176CE43500D8F924 /* Debug */ = {
			isa = XCBuildConfiguration;
			buildSettings = {
				ALWAYS_SEARCH_USER_PATHS = YES;
				COMBINE_HIDPI_IMAGES = YES;
				EXECUTABLE_PREFIX = "";
				GCC_DYNAMIC_NO_PIC = NO;
				GCC_ENABLE_OBJC_EXCEPTIONS = YES;
				HEADER_SEARCH_PATHS = (
					.,
					/usr/local/include,
					/usr/include/libxml2,
				);
				OTHER_CFLAGS = "-DWITH_LIBCURL";
				PRIVATE_HEADERS_FOLDER_PATH = /usr/local/include/;
				PRODUCT_NAME = "$(TARGET_NAME)";
				USER_HEADER_SEARCH_PATHS = "";
			};
			name = Debug;
		};
		E315FB29176CE43500D8F924 /* Release */ = {
			isa = XCBuildConfiguration;
			buildSettings = {
				ALWAYS_SEARCH_USER_PATHS = YES;
				COMBINE_HIDPI_IMAGES = YES;
				EXECUTABLE_PREFIX = "";
				GCC_ENABLE_OBJC_EXCEPTIONS = YES;
				HEADER_SEARCH_PATHS = (
					.,
					/usr/local/include,
					/usr/include/libxml2,
				);
				OTHER_CFLAGS = "-DWITH_LIBCURL";
				PRIVATE_HEADERS_FOLDER_PATH = /usr/local/include/;
				PRODUCT_NAME = "$(TARGET_NAME)";
				USER_HEADER_SEARCH_PATHS = "";
			};
			name = Release;
		};
		E3A403D61769A7FA00E77689 /* Debug */ = {
			isa = XCBuildConfiguration;
			buildSettings = {
				ALWAYS_SEARCH_USER_PATHS = NO;
				CLANG_CXX_LANGUAGE_STANDARD = "gnu++0x";
				CLANG_CXX_LIBRARY = "libc++";
				CLANG_LINK_OBJC_RUNTIME = NO;
				CLANG_WARN_CONSTANT_CONVERSION = YES;
				CLANG_WARN_EMPTY_BODY = YES;
				CLANG_WARN_ENUM_CONVERSION = YES;
				CLANG_WARN_INT_CONVERSION = YES;
				CLANG_WARN__DUPLICATE_METHOD_MATCH = YES;
				CONFIGURATION_BUILD_DIR = "./$(CONFIGURATION)$(EFFECTIVE_PLATFORM_NAME)";
				COPY_PHASE_STRIP = NO;
				ENABLE_TESTABILITY = YES;
				EXCLUDED_RECURSIVE_SEARCH_PATH_SUBDIRECTORIES = "*.nib *.lproj *.framework *.gch *.xcode* (*) .DS_Store CVS .svn .git .hg";
				GCC_C_LANGUAGE_STANDARD = gnu99;
				GCC_DYNAMIC_NO_PIC = YES;
				GCC_ENABLE_OBJC_EXCEPTIONS = NO;
				GCC_OPTIMIZATION_LEVEL = 0;
				GCC_PREPROCESSOR_DEFINITIONS = (
					"DEBUG=1",
					"$(inherited)",
				);
				GCC_SYMBOLS_PRIVATE_EXTERN = NO;
				GCC_WARN_64_TO_32_BIT_CONVERSION = YES;
				GCC_WARN_ABOUT_RETURN_TYPE = YES;
				GCC_WARN_UNINITIALIZED_AUTOS = YES;
				GCC_WARN_UNUSED_VARIABLE = YES;
				GENERATE_MASTER_OBJECT_FILE = NO;
				HEADER_SEARCH_PATHS = (
					.,
					/usr/local/include,
				);
				MACH_O_TYPE = staticlib;
				MACOSX_DEPLOYMENT_TARGET = 10.8;
				ONLY_ACTIVE_ARCH = YES;
				SDKROOT = macosx;
				USER_HEADER_SEARCH_PATHS = "";
				USE_HEADERMAP = NO;
			};
			name = Debug;
		};
		E3A403D71769A7FA00E77689 /* Release */ = {
			isa = XCBuildConfiguration;
			buildSettings = {
				ALWAYS_SEARCH_USER_PATHS = NO;
				CLANG_CXX_LANGUAGE_STANDARD = "gnu++0x";
				CLANG_CXX_LIBRARY = "libc++";
				CLANG_LINK_OBJC_RUNTIME = NO;
				CLANG_WARN_CONSTANT_CONVERSION = YES;
				CLANG_WARN_EMPTY_BODY = YES;
				CLANG_WARN_ENUM_CONVERSION = YES;
				CLANG_WARN_INT_CONVERSION = YES;
				CLANG_WARN__DUPLICATE_METHOD_MATCH = YES;
				CONFIGURATION_BUILD_DIR = "./$(CONFIGURATION)$(EFFECTIVE_PLATFORM_NAME)";
				COPY_PHASE_STRIP = YES;
				DEBUG_INFORMATION_FORMAT = "dwarf-with-dsym";
				EXCLUDED_RECURSIVE_SEARCH_PATH_SUBDIRECTORIES = "*.nib *.lproj *.framework *.gch *.xcode* (*) .DS_Store CVS .svn .git .hg";
				GCC_C_LANGUAGE_STANDARD = gnu99;
				GCC_DYNAMIC_NO_PIC = YES;
				GCC_ENABLE_OBJC_EXCEPTIONS = NO;
				GCC_WARN_64_TO_32_BIT_CONVERSION = YES;
				GCC_WARN_ABOUT_RETURN_TYPE = YES;
				GCC_WARN_UNINITIALIZED_AUTOS = YES;
				GCC_WARN_UNUSED_VARIABLE = YES;
				GENERATE_MASTER_OBJECT_FILE = NO;
				HEADER_SEARCH_PATHS = (
					.,
					/usr/local/include,
				);
				MACH_O_TYPE = staticlib;
				MACOSX_DEPLOYMENT_TARGET = 10.8;
				SDKROOT = macosx;
				USER_HEADER_SEARCH_PATHS = "";
				USE_HEADERMAP = NO;
			};
			name = Release;
		};
/* End XCBuildConfiguration section */

/* Begin XCConfigurationList section */
		E315FB27176CE43500D8F924 /* Build configuration list for PBXNativeTarget "libnrcore" */ = {
			isa = XCConfigurationList;
			buildConfigurations = (
				E315FB28176CE43500D8F924 /* Debug */,
				E315FB29176CE43500D8F924 /* Release */,
			);
			defaultConfigurationIsVisible = 0;
			defaultConfigurationName = Release;
		};
		E3A403CF1769A7FA00E77689 /* Build configuration list for PBXProject "libNRCore" */ = {
			isa = XCConfigurationList;
			buildConfigurations = (
				E3A403D61769A7FA00E77689 /* Debug */,
				E3A403D71769A7FA00E77689 /* Release */,
			);
			defaultConfigurationIsVisible = 0;
			defaultConfigurationName = Release;
		};
/* End XCConfigurationList section */
	};
	rootObject = E3A403CC1769A7FA00E77689 /* Project object */;
}
