// !$*UTF8*$!
{
	archiveVersion = 1;
	classes = {
	};
	objectVersion = 46;
	objects = {

/* Begin PBXBuildFile section */
		E315FB2B176CE52A00D8F924 /* Log.cpp in Sources */ = {isa = PBXBuildFile; fileRef = E3A404681769AFC200E77689 /* Log.cpp */; };
		E315FB2D176CE53600D8F924 /* Init.cpp in Sources */ = {isa = PBXBuildFile; fileRef = E3A404631769AF9600E77689 /* Init.cpp */; };
		E315FB33176CE55300D8F924 /* Serializable.cpp in Sources */ = {isa = PBXBuildFile; fileRef = E3A404381769AF7400E77689 /* Serializable.cpp */; };
		E315FB35176CE55A00D8F924 /* String.cpp in Sources */ = {isa = PBXBuildFile; fileRef = E3A4043D1769AF7400E77689 /* String.cpp */; };
		E315FB37176CE56100D8F924 /* Aes.cpp in Sources */ = {isa = PBXBuildFile; fileRef = E3A4040F1769AF5700E77689 /* Aes.cpp */; };
		E315FB38176CE56500D8F924 /* aes256cbc.cpp in Sources */ = {isa = PBXBuildFile; fileRef = E3A404111769AF5700E77689 /* aes256cbc.cpp */; };
		E315FB39176CE56800D8F924 /* Rsa.cpp in Sources */ = {isa = PBXBuildFile; fileRef = E3A404151769AF5700E77689 /* Rsa.cpp */; };
		E315FB3A176CE56E00D8F924 /* Buffer.cpp in Sources */ = {isa = PBXBuildFile; fileRef = E3A4046C1769AFF500E77689 /* Buffer.cpp */; };
		E315FB3B176CE57300D8F924 /* Listener.cpp in Sources */ = {isa = PBXBuildFile; fileRef = E3A4046E1769AFF500E77689 /* Listener.cpp */; };
		E315FB3C176CE57500D8F924 /* Socket.cpp in Sources */ = {isa = PBXBuildFile; fileRef = E3A404721769AFF500E77689 /* Socket.cpp */; };
		E315FB3D176CE57800D8F924 /* SocketEventLoop.cpp in Sources */ = {isa = PBXBuildFile; fileRef = E3A404741769AFF500E77689 /* SocketEventLoop.cpp */; };
		E315FB3F176CE58000D8F924 /* Mutex.cpp in Sources */ = {isa = PBXBuildFile; fileRef = E3A403DD1769AEF500E77689 /* Mutex.cpp */; };
		E315FB40176CE58400D8F924 /* Semaphore.cpp in Sources */ = {isa = PBXBuildFile; fileRef = E3A403DF1769AEF500E77689 /* Semaphore.cpp */; };
		E315FB41176CE58700D8F924 /* Task.cpp in Sources */ = {isa = PBXBuildFile; fileRef = E3A403E11769AEF500E77689 /* Task.cpp */; };
		E315FB42176CE58A00D8F924 /* TaskMutex.cpp in Sources */ = {isa = PBXBuildFile; fileRef = E3A403E31769AEF500E77689 /* TaskMutex.cpp */; };
		E315FB43176CE58D00D8F924 /* Thread.cpp in Sources */ = {isa = PBXBuildFile; fileRef = E3A403E51769AEF500E77689 /* Thread.cpp */; };
		E315FB44176CE58F00D8F924 /* ThreadWaitCondition.cpp in Sources */ = {isa = PBXBuildFile; fileRef = E3A403E71769AEF500E77689 /* ThreadWaitCondition.cpp */; };
		E315FB45176CE59400D8F924 /* ByteUtils.cpp in Sources */ = {isa = PBXBuildFile; fileRef = E3A404881769B06500E77689 /* ByteUtils.cpp */; };
		E315FB46176CE59700D8F924 /* Http.cpp in Sources */ = {isa = PBXBuildFile; fileRef = E3A4048A1769B06500E77689 /* Http.cpp */; };
		E315FB47176CE59C00D8F924 /* FlatConfig.cpp in Sources */ = {isa = PBXBuildFile; fileRef = E3A404911769B0B900E77689 /* FlatConfig.cpp */; };
		E32F6B5B17C8D6000078BC7D /* HashMap.h in Headers */ = {isa = PBXBuildFile; fileRef = E32F6B5917C8D6000078BC7D /* HashMap.h */; };
		E3351D0C180D5F360019C0B7 /* FifoInputStream.cpp in Sources */ = {isa = PBXBuildFile; fileRef = E3351CFD180D5F360019C0B7 /* FifoInputStream.cpp */; };
		E3351D0D180D5F360019C0B7 /* FifoInputStream.h in Headers */ = {isa = PBXBuildFile; fileRef = E3351CFE180D5F360019C0B7 /* FifoInputStream.h */; };
		E3351D0E180D5F360019C0B7 /* FifoOutputStream.cpp in Sources */ = {isa = PBXBuildFile; fileRef = E3351CFF180D5F360019C0B7 /* FifoOutputStream.cpp */; };
		E3351D0F180D5F360019C0B7 /* FifoOutputStream.h in Headers */ = {isa = PBXBuildFile; fileRef = E3351D00180D5F360019C0B7 /* FifoOutputStream.h */; };
		E3351D10180D5F360019C0B7 /* FifoStream.cpp in Sources */ = {isa = PBXBuildFile; fileRef = E3351D01180D5F360019C0B7 /* FifoStream.cpp */; };
		E3351D11180D5F360019C0B7 /* FifoStream.h in Headers */ = {isa = PBXBuildFile; fileRef = E3351D02180D5F360019C0B7 /* FifoStream.h */; };
		E3351D12180D5F360019C0B7 /* File.h in Headers */ = {isa = PBXBuildFile; fileRef = E3351D03180D5F360019C0B7 /* File.h */; };
		E3351D13180D5F360019C0B7 /* FileDescriptorRelay.cpp in Sources */ = {isa = PBXBuildFile; fileRef = E3351D04180D5F360019C0B7 /* FileDescriptorRelay.cpp */; };
		E3351D14180D5F360019C0B7 /* FileDescriptorRelay.h in Headers */ = {isa = PBXBuildFile; fileRef = E3351D05180D5F360019C0B7 /* FileDescriptorRelay.h */; };
		E3351D15180D5F360019C0B7 /* FileOutputStream.cpp in Sources */ = {isa = PBXBuildFile; fileRef = E3351D06180D5F360019C0B7 /* FileOutputStream.cpp */; };
		E3351D16180D5F360019C0B7 /* FileOutputStream.h in Headers */ = {isa = PBXBuildFile; fileRef = E3351D07180D5F360019C0B7 /* FileOutputStream.h */; };
		E3351D17180D5F360019C0B7 /* Stream.cpp in Sources */ = {isa = PBXBuildFile; fileRef = E3351D08180D5F360019C0B7 /* Stream.cpp */; };
		E3351D18180D5F360019C0B7 /* Stream.h in Headers */ = {isa = PBXBuildFile; fileRef = E3351D09180D5F360019C0B7 /* Stream.h */; };
		E3351D19180D5F360019C0B7 /* StringStreamReader.cpp in Sources */ = {isa = PBXBuildFile; fileRef = E3351D0A180D5F360019C0B7 /* StringStreamReader.cpp */; };
		E3351D1A180D5F360019C0B7 /* StringStreamReader.h in Headers */ = {isa = PBXBuildFile; fileRef = E3351D0B180D5F360019C0B7 /* StringStreamReader.h */; };
		E34BEFA917F1EC0B00C91666 /* ByteArray.cpp in Sources */ = {isa = PBXBuildFile; fileRef = E34BEFA717F1EC0B00C91666 /* ByteArray.cpp */; };
		E34BEFAA17F1EC0B00C91666 /* ByteArray.h in Headers */ = {isa = PBXBuildFile; fileRef = E34BEFA817F1EC0B00C91666 /* ByteArray.h */; };
		E34DE9B617F31C2800EAF128 /* SerializableInterface.h in Headers */ = {isa = PBXBuildFile; fileRef = E34DE9B417F31C2800EAF128 /* SerializableInterface.h */; };
		E359B35917C7BE2100C7F553 /* SimpleFormula.cpp in Sources */ = {isa = PBXBuildFile; fileRef = E359B35717C7BE2100C7F553 /* SimpleFormula.cpp */; };
		E359B35A17C7BE2100C7F553 /* SimpleFormula.h in Headers */ = {isa = PBXBuildFile; fileRef = E359B35817C7BE2100C7F553 /* SimpleFormula.h */; };
		E364C56B176E28C100507BF6 /* HighResTimer.cpp in Sources */ = {isa = PBXBuildFile; fileRef = E364C569176E28C100507BF6 /* HighResTimer.cpp */; };
		E364C56C176E28C100507BF6 /* HighResTimer.h in Headers */ = {isa = PBXBuildFile; fileRef = E364C56A176E28C100507BF6 /* HighResTimer.h */; };
		E3826C7E181FAD950041DF74 /* Xml.cpp in Sources */ = {isa = PBXBuildFile; fileRef = E3826C7C181FAD950041DF74 /* Xml.cpp */; };
		E3826C7F181FAD950041DF74 /* Xml.h in Headers */ = {isa = PBXBuildFile; fileRef = E3826C7D181FAD950041DF74 /* Xml.h */; };
		E382FE8A176D3D1D002BC244 /* nrcore.h in Headers */ = {isa = PBXBuildFile; fileRef = E382FE89176D3D1D002BC244 /* nrcore.h */; };
		E383B29F17AD3A1B00C51627 /* Object.cpp in Sources */ = {isa = PBXBuildFile; fileRef = E383B29D17AD3A1B00C51627 /* Object.cpp */; };
		E383B2A017AD3A1B00C51627 /* Object.h in Headers */ = {isa = PBXBuildFile; fileRef = E383B29E17AD3A1B00C51627 /* Object.h */; };
		E383B2A417AD3B8100C51627 /* ObjectEvent.h in Headers */ = {isa = PBXBuildFile; fileRef = E383B2A217AD3B8100C51627 /* ObjectEvent.h */; };
		E3AEDC8517E9DF6900B8CDB5 /* Foundation.framework in Frameworks */ = {isa = PBXBuildFile; fileRef = E3AEDC8417E9DF6900B8CDB5 /* Foundation.framework */; };
		E3AEDC8A17E9DF6900B8CDB5 /* libNRCore.h in CopyFiles */ = {isa = PBXBuildFile; fileRef = E3AEDC8917E9DF6900B8CDB5 /* libNRCore.h */; };
		E3AEDC8C17E9DF6900B8CDB5 /* libNRCore.m in Sources */ = {isa = PBXBuildFile; fileRef = E3AEDC8B17E9DF6900B8CDB5 /* libNRCore.m */; };
		E3DE476617ED082C00C86174 /* TextFile.h in Headers */ = {isa = PBXBuildFile; fileRef = E3A404411769AF7400E77689 /* TextFile.h */; };
		E3DE476717ED083200C86174 /* String.cpp in Sources */ = {isa = PBXBuildFile; fileRef = E3A4043D1769AF7400E77689 /* String.cpp */; };
		E3DE476A17ED0A4400C86174 /* ThreadSafeObject.h in Headers */ = {isa = PBXBuildFile; fileRef = E3DE476917ED0A4400C86174 /* ThreadSafeObject.h */; };
/* End PBXBuildFile section */

/* Begin PBXContainerItemProxy section */
		E34F3E5917EE388500B68D35 /* PBXContainerItemProxy */ = {
			isa = PBXContainerItemProxy;
			containerPortal = E34F3E5517EE388400B68D35 /* UnitTest.xcodeproj */;
			proxyType = 2;
			remoteGlobalIDString = E34F3E4917EE388400B68D35;
			remoteInfo = UnitTest;
		};
/* End PBXContainerItemProxy section */

/* Begin PBXCopyFilesBuildPhase section */
		E3AEDC8017E9DF6900B8CDB5 /* CopyFiles */ = {
			isa = PBXCopyFilesBuildPhase;
			buildActionMask = 2147483647;
			dstPath = "include/${PRODUCT_NAME}";
			dstSubfolderSpec = 16;
			files = (
				E3AEDC8A17E9DF6900B8CDB5 /* libNRCore.h in CopyFiles */,
			);
			runOnlyForDeploymentPostprocessing = 0;
		};
/* End PBXCopyFilesBuildPhase section */

/* Begin PBXFileReference section */
		E315FB26176CE43500D8F924 /* libnrcore.a */ = {isa = PBXFileReference; explicitFileType = archive.ar; includeInIndex = 0; path = libnrcore.a; sourceTree = BUILT_PRODUCTS_DIR; };
		E32F6B5917C8D6000078BC7D /* HashMap.h */ = {isa = PBXFileReference; fileEncoding = 4; lastKnownFileType = sourcecode.c.h; name = HashMap.h; path = libnrcore/memory/HashMap.h; sourceTree = "<group>"; };
		E3351CFD180D5F360019C0B7 /* FifoInputStream.cpp */ = {isa = PBXFileReference; fileEncoding = 4; lastKnownFileType = sourcecode.cpp.cpp; name = FifoInputStream.cpp; path = libnrcore/io/FifoInputStream.cpp; sourceTree = "<group>"; };
		E3351CFE180D5F360019C0B7 /* FifoInputStream.h */ = {isa = PBXFileReference; fileEncoding = 4; lastKnownFileType = sourcecode.c.h; name = FifoInputStream.h; path = libnrcore/io/FifoInputStream.h; sourceTree = "<group>"; };
		E3351CFF180D5F360019C0B7 /* FifoOutputStream.cpp */ = {isa = PBXFileReference; fileEncoding = 4; lastKnownFileType = sourcecode.cpp.cpp; name = FifoOutputStream.cpp; path = libnrcore/io/FifoOutputStream.cpp; sourceTree = "<group>"; };
		E3351D00180D5F360019C0B7 /* FifoOutputStream.h */ = {isa = PBXFileReference; fileEncoding = 4; lastKnownFileType = sourcecode.c.h; name = FifoOutputStream.h; path = libnrcore/io/FifoOutputStream.h; sourceTree = "<group>"; };
		E3351D01180D5F360019C0B7 /* FifoStream.cpp */ = {isa = PBXFileReference; fileEncoding = 4; lastKnownFileType = sourcecode.cpp.cpp; name = FifoStream.cpp; path = libnrcore/io/FifoStream.cpp; sourceTree = "<group>"; };
		E3351D02180D5F360019C0B7 /* FifoStream.h */ = {isa = PBXFileReference; fileEncoding = 4; lastKnownFileType = sourcecode.c.h; name = FifoStream.h; path = libnrcore/io/FifoStream.h; sourceTree = "<group>"; };
		E3351D03180D5F360019C0B7 /* File.h */ = {isa = PBXFileReference; fileEncoding = 4; lastKnownFileType = sourcecode.c.h; name = File.h; path = libnrcore/io/File.h; sourceTree = "<group>"; };
		E3351D04180D5F360019C0B7 /* FileDescriptorRelay.cpp */ = {isa = PBXFileReference; fileEncoding = 4; lastKnownFileType = sourcecode.cpp.cpp; name = FileDescriptorRelay.cpp; path = libnrcore/io/FileDescriptorRelay.cpp; sourceTree = "<group>"; };
		E3351D05180D5F360019C0B7 /* FileDescriptorRelay.h */ = {isa = PBXFileReference; fileEncoding = 4; lastKnownFileType = sourcecode.c.h; name = FileDescriptorRelay.h; path = libnrcore/io/FileDescriptorRelay.h; sourceTree = "<group>"; };
		E3351D06180D5F360019C0B7 /* FileOutputStream.cpp */ = {isa = PBXFileReference; fileEncoding = 4; lastKnownFileType = sourcecode.cpp.cpp; name = FileOutputStream.cpp; path = libnrcore/io/FileOutputStream.cpp; sourceTree = "<group>"; };
		E3351D07180D5F360019C0B7 /* FileOutputStream.h */ = {isa = PBXFileReference; fileEncoding = 4; lastKnownFileType = sourcecode.c.h; name = FileOutputStream.h; path = libnrcore/io/FileOutputStream.h; sourceTree = "<group>"; };
		E3351D08180D5F360019C0B7 /* Stream.cpp */ = {isa = PBXFileReference; fileEncoding = 4; lastKnownFileType = sourcecode.cpp.cpp; name = Stream.cpp; path = libnrcore/io/Stream.cpp; sourceTree = "<group>"; };
		E3351D09180D5F360019C0B7 /* Stream.h */ = {isa = PBXFileReference; fileEncoding = 4; lastKnownFileType = sourcecode.c.h; name = Stream.h; path = libnrcore/io/Stream.h; sourceTree = "<group>"; };
		E3351D0A180D5F360019C0B7 /* StringStreamReader.cpp */ = {isa = PBXFileReference; fileEncoding = 4; lastKnownFileType = sourcecode.cpp.cpp; name = StringStreamReader.cpp; path = libnrcore/io/StringStreamReader.cpp; sourceTree = "<group>"; };
		E3351D0B180D5F360019C0B7 /* StringStreamReader.h */ = {isa = PBXFileReference; fileEncoding = 4; lastKnownFileType = sourcecode.c.h; name = StringStreamReader.h; path = libnrcore/io/StringStreamReader.h; sourceTree = "<group>"; };
		E3351D1B180E82BC0019C0B7 /* types.h */ = {isa = PBXFileReference; lastKnownFileType = sourcecode.c.h; name = types.h; path = libnrcore/types.h; sourceTree = "<group>"; };
		E34BEFA717F1EC0B00C91666 /* ByteArray.cpp */ = {isa = PBXFileReference; fileEncoding = 4; lastKnownFileType = sourcecode.cpp.cpp; name = ByteArray.cpp; path = libnrcore/memory/ByteArray.cpp; sourceTree = "<group>"; };
		E34BEFA817F1EC0B00C91666 /* ByteArray.h */ = {isa = PBXFileReference; fileEncoding = 4; lastKnownFileType = sourcecode.c.h; name = ByteArray.h; path = libnrcore/memory/ByteArray.h; sourceTree = "<group>"; };
		E34DE9B417F31C2800EAF128 /* SerializableInterface.h */ = {isa = PBXFileReference; fileEncoding = 4; lastKnownFileType = sourcecode.c.h; name = SerializableInterface.h; path = libnrcore/interface/SerializableInterface.h; sourceTree = "<group>"; };
		E34DE9B917F41C6000EAF128 /* LinkedList.h */ = {isa = PBXFileReference; lastKnownFileType = sourcecode.c.h; name = LinkedList.h; path = libnrcore/serializers/LinkedList.h; sourceTree = "<group>"; };
		E34F3E5517EE388400B68D35 /* UnitTest.xcodeproj */ = {isa = PBXFileReference; lastKnownFileType = "wrapper.pb-project"; name = UnitTest.xcodeproj; path = UnitTest/UnitTest.xcodeproj; sourceTree = "<group>"; };
		E359B35717C7BE2100C7F553 /* SimpleFormula.cpp */ = {isa = PBXFileReference; fileEncoding = 4; lastKnownFileType = sourcecode.cpp.cpp; name = SimpleFormula.cpp; path = libnrcore/maths/SimpleFormula.cpp; sourceTree = "<group>"; };
		E359B35817C7BE2100C7F553 /* SimpleFormula.h */ = {isa = PBXFileReference; fileEncoding = 4; lastKnownFileType = sourcecode.c.h; name = SimpleFormula.h; path = libnrcore/maths/SimpleFormula.h; sourceTree = "<group>"; };
		E364C569176E28C100507BF6 /* HighResTimer.cpp */ = {isa = PBXFileReference; fileEncoding = 4; lastKnownFileType = sourcecode.cpp.cpp; name = HighResTimer.cpp; path = libnrcore/threading/HighResTimer.cpp; sourceTree = "<group>"; };
		E364C56A176E28C100507BF6 /* HighResTimer.h */ = {isa = PBXFileReference; fileEncoding = 4; lastKnownFileType = sourcecode.c.h; name = HighResTimer.h; path = libnrcore/threading/HighResTimer.h; sourceTree = "<group>"; };
		E3826C7C181FAD950041DF74 /* Xml.cpp */ = {isa = PBXFileReference; fileEncoding = 4; lastKnownFileType = sourcecode.cpp.cpp; name = Xml.cpp; path = libnrcore/io/Xml.cpp; sourceTree = "<group>"; };
		E3826C7D181FAD950041DF74 /* Xml.h */ = {isa = PBXFileReference; fileEncoding = 4; lastKnownFileType = sourcecode.c.h; name = Xml.h; path = libnrcore/io/Xml.h; sourceTree = "<group>"; };
		E382FE89176D3D1D002BC244 /* nrcore.h */ = {isa = PBXFileReference; fileEncoding = 4; lastKnownFileType = sourcecode.c.h; name = nrcore.h; path = libnrcore/nrcore.h; sourceTree = "<group>"; };
		E383B29D17AD3A1B00C51627 /* Object.cpp */ = {isa = PBXFileReference; fileEncoding = 4; lastKnownFileType = sourcecode.cpp.cpp; name = Object.cpp; path = libnrcore/base/Object.cpp; sourceTree = "<group>"; };
		E383B29E17AD3A1B00C51627 /* Object.h */ = {isa = PBXFileReference; fileEncoding = 4; lastKnownFileType = sourcecode.c.h; name = Object.h; path = libnrcore/base/Object.h; sourceTree = "<group>"; };
		E383B2A217AD3B8100C51627 /* ObjectEvent.h */ = {isa = PBXFileReference; fileEncoding = 4; lastKnownFileType = sourcecode.c.h; name = ObjectEvent.h; path = libnrcore/base/ObjectEvent.h; sourceTree = "<group>"; };
		E3A403DD1769AEF500E77689 /* Mutex.cpp */ = {isa = PBXFileReference; fileEncoding = 4; lastKnownFileType = sourcecode.cpp.cpp; name = Mutex.cpp; path = libnrcore/threading/Mutex.cpp; sourceTree = "<group>"; };
		E3A403DE1769AEF500E77689 /* Mutex.h */ = {isa = PBXFileReference; fileEncoding = 4; lastKnownFileType = sourcecode.c.h; name = Mutex.h; path = libnrcore/threading/Mutex.h; sourceTree = "<group>"; };
		E3A403DF1769AEF500E77689 /* Semaphore.cpp */ = {isa = PBXFileReference; fileEncoding = 4; lastKnownFileType = sourcecode.cpp.cpp; name = Semaphore.cpp; path = libnrcore/threading/Semaphore.cpp; sourceTree = "<group>"; };
		E3A403E01769AEF500E77689 /* Semaphore.h */ = {isa = PBXFileReference; fileEncoding = 4; lastKnownFileType = sourcecode.c.h; name = Semaphore.h; path = libnrcore/threading/Semaphore.h; sourceTree = "<group>"; };
		E3A403E11769AEF500E77689 /* Task.cpp */ = {isa = PBXFileReference; fileEncoding = 4; lastKnownFileType = sourcecode.cpp.cpp; name = Task.cpp; path = libnrcore/threading/Task.cpp; sourceTree = "<group>"; };
		E3A403E21769AEF500E77689 /* Task.h */ = {isa = PBXFileReference; fileEncoding = 4; lastKnownFileType = sourcecode.c.h; name = Task.h; path = libnrcore/threading/Task.h; sourceTree = "<group>"; };
		E3A403E31769AEF500E77689 /* TaskMutex.cpp */ = {isa = PBXFileReference; fileEncoding = 4; lastKnownFileType = sourcecode.cpp.cpp; name = TaskMutex.cpp; path = libnrcore/threading/TaskMutex.cpp; sourceTree = "<group>"; };
		E3A403E41769AEF500E77689 /* TaskMutex.h */ = {isa = PBXFileReference; fileEncoding = 4; lastKnownFileType = sourcecode.c.h; name = TaskMutex.h; path = libnrcore/threading/TaskMutex.h; sourceTree = "<group>"; };
		E3A403E51769AEF500E77689 /* Thread.cpp */ = {isa = PBXFileReference; fileEncoding = 4; lastKnownFileType = sourcecode.cpp.cpp; name = Thread.cpp; path = libnrcore/threading/Thread.cpp; sourceTree = "<group>"; };
		E3A403E61769AEF500E77689 /* Thread.h */ = {isa = PBXFileReference; fileEncoding = 4; lastKnownFileType = sourcecode.c.h; name = Thread.h; path = libnrcore/threading/Thread.h; sourceTree = "<group>"; };
		E3A403E71769AEF500E77689 /* ThreadWaitCondition.cpp */ = {isa = PBXFileReference; fileEncoding = 4; lastKnownFileType = sourcecode.cpp.cpp; name = ThreadWaitCondition.cpp; path = libnrcore/threading/ThreadWaitCondition.cpp; sourceTree = "<group>"; };
		E3A403E81769AEF500E77689 /* ThreadWaitCondition.h */ = {isa = PBXFileReference; fileEncoding = 4; lastKnownFileType = sourcecode.c.h; name = ThreadWaitCondition.h; path = libnrcore/threading/ThreadWaitCondition.h; sourceTree = "<group>"; };
		E3A4040F1769AF5700E77689 /* Aes.cpp */ = {isa = PBXFileReference; fileEncoding = 4; lastKnownFileType = sourcecode.cpp.cpp; name = Aes.cpp; path = libnrcore/encryption/Aes.cpp; sourceTree = "<group>"; };
		E3A404101769AF5700E77689 /* Aes.h */ = {isa = PBXFileReference; fileEncoding = 4; lastKnownFileType = sourcecode.c.h; name = Aes.h; path = libnrcore/encryption/Aes.h; sourceTree = "<group>"; };
		E3A404111769AF5700E77689 /* aes256cbc.cpp */ = {isa = PBXFileReference; fileEncoding = 4; lastKnownFileType = sourcecode.cpp.cpp; name = aes256cbc.cpp; path = libnrcore/encryption/aes256cbc.cpp; sourceTree = "<group>"; };
		E3A404121769AF5700E77689 /* aes256cbc.h */ = {isa = PBXFileReference; fileEncoding = 4; lastKnownFileType = sourcecode.c.h; name = aes256cbc.h; path = libnrcore/encryption/aes256cbc.h; sourceTree = "<group>"; };
		E3A404131769AF5700E77689 /* Cipher.h */ = {isa = PBXFileReference; fileEncoding = 4; lastKnownFileType = sourcecode.c.h; name = Cipher.h; path = libnrcore/encryption/Cipher.h; sourceTree = "<group>"; };
		E3A404141769AF5700E77689 /* Hash.h */ = {isa = PBXFileReference; fileEncoding = 4; lastKnownFileType = sourcecode.c.h; name = Hash.h; path = libnrcore/encryption/Hash.h; sourceTree = "<group>"; };
		E3A404151769AF5700E77689 /* Rsa.cpp */ = {isa = PBXFileReference; fileEncoding = 4; lastKnownFileType = sourcecode.cpp.cpp; name = Rsa.cpp; path = libnrcore/encryption/Rsa.cpp; sourceTree = "<group>"; };
		E3A404161769AF5700E77689 /* Rsa.h */ = {isa = PBXFileReference; fileEncoding = 4; lastKnownFileType = sourcecode.c.h; name = Rsa.h; path = libnrcore/encryption/Rsa.h; sourceTree = "<group>"; };
		E3A404171769AF5700E77689 /* Sha256.h */ = {isa = PBXFileReference; fileEncoding = 4; lastKnownFileType = sourcecode.c.h; name = Sha256.h; path = libnrcore/encryption/Sha256.h; sourceTree = "<group>"; };
		E3A404221769AF7400E77689 /* Array.h */ = {isa = PBXFileReference; fileEncoding = 4; lastKnownFileType = sourcecode.c.h; name = Array.h; path = libnrcore/memory/Array.h; sourceTree = "<group>"; };
		E3A404241769AF7400E77689 /* DescriptorInstanceMap.h */ = {isa = PBXFileReference; fileEncoding = 4; lastKnownFileType = sourcecode.c.h; name = DescriptorInstanceMap.h; path = libnrcore/memory/DescriptorInstanceMap.h; sourceTree = "<group>"; };
		E3A404301769AF7400E77689 /* IndexedList.h */ = {isa = PBXFileReference; fileEncoding = 4; lastKnownFileType = sourcecode.c.h; name = IndexedList.h; path = libnrcore/memory/IndexedList.h; sourceTree = "<group>"; };
		E3A404311769AF7400E77689 /* InstancePool.h */ = {isa = PBXFileReference; fileEncoding = 4; lastKnownFileType = sourcecode.c.h; name = InstancePool.h; path = libnrcore/memory/InstancePool.h; sourceTree = "<group>"; };
		E3A404321769AF7400E77689 /* LinkedList.h */ = {isa = PBXFileReference; fileEncoding = 4; lastKnownFileType = sourcecode.c.h; name = LinkedList.h; path = libnrcore/memory/LinkedList.h; sourceTree = "<group>"; };
		E3A404341769AF7400E77689 /* Memory.h */ = {isa = PBXFileReference; fileEncoding = 4; lastKnownFileType = sourcecode.c.h; name = Memory.h; path = libnrcore/memory/Memory.h; sourceTree = "<group>"; };
		E3A404351769AF7400E77689 /* ObjectArray.h */ = {isa = PBXFileReference; fileEncoding = 4; lastKnownFileType = sourcecode.c.h; name = ObjectArray.h; path = libnrcore/memory/ObjectArray.h; sourceTree = "<group>"; };
		E3A404361769AF7400E77689 /* ObjectBlockArray.h */ = {isa = PBXFileReference; fileEncoding = 4; lastKnownFileType = sourcecode.c.h; name = ObjectBlockArray.h; path = libnrcore/memory/ObjectBlockArray.h; sourceTree = "<group>"; };
		E3A404371769AF7400E77689 /* Ref.h */ = {isa = PBXFileReference; fileEncoding = 4; lastKnownFileType = sourcecode.c.h; name = Ref.h; path = libnrcore/memory/Ref.h; sourceTree = "<group>"; };
		E3A404381769AF7400E77689 /* Serializable.cpp */ = {isa = PBXFileReference; fileEncoding = 4; lastKnownFileType = sourcecode.cpp.cpp; name = Serializable.cpp; path = libnrcore/serializers/Serializable.cpp; sourceTree = "<group>"; };
		E3A404391769AF7400E77689 /* Serializable.h */ = {isa = PBXFileReference; fileEncoding = 4; lastKnownFileType = sourcecode.c.h; name = Serializable.h; path = libnrcore/serializers/Serializable.h; sourceTree = "<group>"; };
		E3A4043A1769AF7400E77689 /* StaticArray.h */ = {isa = PBXFileReference; fileEncoding = 4; lastKnownFileType = sourcecode.c.h; name = StaticArray.h; path = libnrcore/memory/StaticArray.h; sourceTree = "<group>"; };
		E3A4043D1769AF7400E77689 /* String.cpp */ = {isa = PBXFileReference; fileEncoding = 4; lastKnownFileType = sourcecode.cpp.cpp; name = String.cpp; path = libnrcore/memory/String.cpp; sourceTree = "<group>"; };
		E3A4043E1769AF7400E77689 /* String.h */ = {isa = PBXFileReference; fileEncoding = 4; lastKnownFileType = sourcecode.c.h; name = String.h; path = libnrcore/memory/String.h; sourceTree = "<group>"; };
		E3A404411769AF7400E77689 /* TextFile.h */ = {isa = PBXFileReference; fileEncoding = 4; lastKnownFileType = sourcecode.c.h; name = TextFile.h; path = libnrcore/io/TextFile.h; sourceTree = "<group>"; };
		E3A404631769AF9600E77689 /* Init.cpp */ = {isa = PBXFileReference; fileEncoding = 4; lastKnownFileType = sourcecode.cpp.cpp; name = Init.cpp; path = libnrcore/init/Init.cpp; sourceTree = "<group>"; };
		E3A404641769AF9600E77689 /* Init.h */ = {isa = PBXFileReference; fileEncoding = 4; lastKnownFileType = sourcecode.c.h; name = Init.h; path = libnrcore/init/Init.h; sourceTree = "<group>"; };
		E3A404681769AFC200E77689 /* Log.cpp */ = {isa = PBXFileReference; fileEncoding = 4; lastKnownFileType = sourcecode.cpp.cpp; name = Log.cpp; path = libnrcore/debug/Log.cpp; sourceTree = "<group>"; };
		E3A404691769AFC200E77689 /* Log.h */ = {isa = PBXFileReference; fileEncoding = 4; lastKnownFileType = sourcecode.c.h; name = Log.h; path = libnrcore/debug/Log.h; sourceTree = "<group>"; };
		E3A4046C1769AFF500E77689 /* Buffer.cpp */ = {isa = PBXFileReference; fileEncoding = 4; lastKnownFileType = sourcecode.cpp.cpp; name = Buffer.cpp; path = libnrcore/socket/Buffer.cpp; sourceTree = "<group>"; };
		E3A4046D1769AFF500E77689 /* Buffer.h */ = {isa = PBXFileReference; fileEncoding = 4; lastKnownFileType = sourcecode.c.h; name = Buffer.h; path = libnrcore/socket/Buffer.h; sourceTree = "<group>"; };
		E3A4046E1769AFF500E77689 /* Listener.cpp */ = {isa = PBXFileReference; fileEncoding = 4; lastKnownFileType = sourcecode.cpp.cpp; name = Listener.cpp; path = libnrcore/socket/Listener.cpp; sourceTree = "<group>"; };
		E3A4046F1769AFF500E77689 /* Listener.h */ = {isa = PBXFileReference; fileEncoding = 4; lastKnownFileType = sourcecode.c.h; name = Listener.h; path = libnrcore/socket/Listener.h; sourceTree = "<group>"; };
		E3A404721769AFF500E77689 /* Socket.cpp */ = {isa = PBXFileReference; fileEncoding = 4; lastKnownFileType = sourcecode.cpp.cpp; name = Socket.cpp; path = libnrcore/socket/Socket.cpp; sourceTree = "<group>"; };
		E3A404731769AFF500E77689 /* Socket.h */ = {isa = PBXFileReference; fileEncoding = 4; lastKnownFileType = sourcecode.c.h; name = Socket.h; path = libnrcore/socket/Socket.h; sourceTree = "<group>"; };
		E3A404741769AFF500E77689 /* SocketEventLoop.cpp */ = {isa = PBXFileReference; fileEncoding = 4; lastKnownFileType = sourcecode.cpp.cpp; name = SocketEventLoop.cpp; path = libnrcore/socket/SocketEventLoop.cpp; sourceTree = "<group>"; };
		E3A404751769AFF500E77689 /* SocketEventLoop.h */ = {isa = PBXFileReference; fileEncoding = 4; lastKnownFileType = sourcecode.c.h; name = SocketEventLoop.h; path = libnrcore/socket/SocketEventLoop.h; sourceTree = "<group>"; };
		E3A404851769B02C00E77689 /* Exception.h */ = {isa = PBXFileReference; fileEncoding = 4; lastKnownFileType = sourcecode.c.h; name = Exception.h; path = libnrcore/exception/Exception.h; sourceTree = "<group>"; };
		E3A404881769B06500E77689 /* ByteUtils.cpp */ = {isa = PBXFileReference; fileEncoding = 4; lastKnownFileType = sourcecode.cpp.cpp; name = ByteUtils.cpp; path = libnrcore/utils/ByteUtils.cpp; sourceTree = "<group>"; };
		E3A404891769B06500E77689 /* ByteUtils.h */ = {isa = PBXFileReference; fileEncoding = 4; lastKnownFileType = sourcecode.c.h; name = ByteUtils.h; path = libnrcore/utils/ByteUtils.h; sourceTree = "<group>"; };
		E3A4048A1769B06500E77689 /* Http.cpp */ = {isa = PBXFileReference; fileEncoding = 4; lastKnownFileType = sourcecode.cpp.cpp; name = Http.cpp; path = libnrcore/utils/Http.cpp; sourceTree = "<group>"; };
		E3A4048B1769B06500E77689 /* Http.h */ = {isa = PBXFileReference; fileEncoding = 4; lastKnownFileType = sourcecode.c.h; name = Http.h; path = libnrcore/utils/Http.h; sourceTree = "<group>"; };
		E3A404911769B0B900E77689 /* FlatConfig.cpp */ = {isa = PBXFileReference; fileEncoding = 4; lastKnownFileType = sourcecode.cpp.cpp; name = FlatConfig.cpp; path = libnrcore/config/FlatConfig.cpp; sourceTree = "<group>"; };
		E3A404921769B0B900E77689 /* FlatConfig.h */ = {isa = PBXFileReference; fileEncoding = 4; lastKnownFileType = sourcecode.c.h; name = FlatConfig.h; path = libnrcore/config/FlatConfig.h; sourceTree = "<group>"; };
		E3AEDC8217E9DF6900B8CDB5 /* liblibNRCore_IOS.a */ = {isa = PBXFileReference; explicitFileType = archive.ar; includeInIndex = 0; path = liblibNRCore_IOS.a; sourceTree = BUILT_PRODUCTS_DIR; };
		E3AEDC8417E9DF6900B8CDB5 /* Foundation.framework */ = {isa = PBXFileReference; lastKnownFileType = wrapper.framework; name = Foundation.framework; path = System/Library/Frameworks/Foundation.framework; sourceTree = SDKROOT; };
		E3AEDC8817E9DF6900B8CDB5 /* libNRCore-Prefix.pch */ = {isa = PBXFileReference; lastKnownFileType = sourcecode.c.h; path = "libNRCore-Prefix.pch"; sourceTree = "<group>"; };
		E3AEDC8917E9DF6900B8CDB5 /* libNRCore.h */ = {isa = PBXFileReference; lastKnownFileType = sourcecode.c.h; path = libNRCore.h; sourceTree = "<group>"; };
		E3AEDC8B17E9DF6900B8CDB5 /* libNRCore.m */ = {isa = PBXFileReference; lastKnownFileType = sourcecode.c.objc; path = libNRCore.m; sourceTree = "<group>"; };
		E3DE476917ED0A4400C86174 /* ThreadSafeObject.h */ = {isa = PBXFileReference; fileEncoding = 4; lastKnownFileType = sourcecode.c.h; name = ThreadSafeObject.h; path = libnrcore/threading/ThreadSafeObject.h; sourceTree = "<group>"; };
/* End PBXFileReference section */

/* Begin PBXFrameworksBuildPhase section */
		E315FB23176CE43500D8F924 /* Frameworks */ = {
			isa = PBXFrameworksBuildPhase;
			buildActionMask = 2147483647;
			files = (
			);
			runOnlyForDeploymentPostprocessing = 0;
		};
		E3AEDC7F17E9DF6900B8CDB5 /* Frameworks */ = {
			isa = PBXFrameworksBuildPhase;
			buildActionMask = 2147483647;
			files = (
				E3AEDC8517E9DF6900B8CDB5 /* Foundation.framework in Frameworks */,
			);
			runOnlyForDeploymentPostprocessing = 0;
		};
/* End PBXFrameworksBuildPhase section */

/* Begin PBXGroup section */
		E3351C3F180D5F0D0019C0B7 /* io */ = {
			isa = PBXGroup;
			children = (
				E3351CFD180D5F360019C0B7 /* FifoInputStream.cpp */,
				E3351CFE180D5F360019C0B7 /* FifoInputStream.h */,
				E3351CFF180D5F360019C0B7 /* FifoOutputStream.cpp */,
				E3351D00180D5F360019C0B7 /* FifoOutputStream.h */,
				E3A404411769AF7400E77689 /* TextFile.h */,
				E3351D01180D5F360019C0B7 /* FifoStream.cpp */,
				E3351D02180D5F360019C0B7 /* FifoStream.h */,
				E3351D03180D5F360019C0B7 /* File.h */,
				E3351D04180D5F360019C0B7 /* FileDescriptorRelay.cpp */,
				E3351D05180D5F360019C0B7 /* FileDescriptorRelay.h */,
				E3351D06180D5F360019C0B7 /* FileOutputStream.cpp */,
				E3351D07180D5F360019C0B7 /* FileOutputStream.h */,
				E3351D08180D5F360019C0B7 /* Stream.cpp */,
				E3351D09180D5F360019C0B7 /* Stream.h */,
				E3351D0A180D5F360019C0B7 /* StringStreamReader.cpp */,
				E3351D0B180D5F360019C0B7 /* StringStreamReader.h */,
				E3826C7D181FAD950041DF74 /* Xml.h */,
				E3826C7C181FAD950041DF74 /* Xml.cpp */,
			);
			name = io;
			sourceTree = "<group>";
		};
		E34DE9B117F31BFD00EAF128 /* interface */ = {
			isa = PBXGroup;
			children = (
				E34DE9B417F31C2800EAF128 /* SerializableInterface.h */,
			);
			name = interface;
			sourceTree = "<group>";
		};
		E34DE9B817F41C1900EAF128 /* serializers */ = {
			isa = PBXGroup;
			children = (
				E3A404391769AF7400E77689 /* Serializable.h */,
				E3A404381769AF7400E77689 /* Serializable.cpp */,
				E34DE9B917F41C6000EAF128 /* LinkedList.h */,
			);
			name = serializers;
			sourceTree = "<group>";
		};
		E34F3E5617EE388400B68D35 /* Products */ = {
			isa = PBXGroup;
			children = (
				E34F3E5A17EE388500B68D35 /* UnitTest */,
			);
			name = Products;
			sourceTree = "<group>";
		};
		E359B35617C7BDB900C7F553 /* maths */ = {
			isa = PBXGroup;
			children = (
				E359B35817C7BE2100C7F553 /* SimpleFormula.h */,
				E359B35717C7BE2100C7F553 /* SimpleFormula.cpp */,
			);
			name = maths;
			sourceTree = "<group>";
		};
		E383B29C17AD39E900C51627 /* base */ = {
			isa = PBXGroup;
			children = (
				E383B2A217AD3B8100C51627 /* ObjectEvent.h */,
				E383B29E17AD3A1B00C51627 /* Object.h */,
				E383B29D17AD3A1B00C51627 /* Object.cpp */,
			);
			name = base;
			sourceTree = "<group>";
		};
		E3A403CB1769A7FA00E77689 = {
			isa = PBXGroup;
			children = (
				E3A403DB1769AECF00E77689 /* src */,
				E3AEDC8617E9DF6900B8CDB5 /* libNRCore */,
				E3AEDC8317E9DF6900B8CDB5 /* Frameworks */,
				E3A403D51769A7FA00E77689 /* Products */,
				E34F3E5517EE388400B68D35 /* UnitTest.xcodeproj */,
			);
			sourceTree = "<group>";
		};
		E3A403D51769A7FA00E77689 /* Products */ = {
			isa = PBXGroup;
			children = (
				E315FB26176CE43500D8F924 /* libnrcore.a */,
				E3AEDC8217E9DF6900B8CDB5 /* liblibNRCore_IOS.a */,
			);
			name = Products;
			sourceTree = "<group>";
		};
		E3A403DB1769AECF00E77689 /* src */ = {
			isa = PBXGroup;
			children = (
				E382FE89176D3D1D002BC244 /* nrcore.h */,
				E3351D1B180E82BC0019C0B7 /* types.h */,
				E3A404621769AF7A00E77689 /* init */,
				E383B29C17AD39E900C51627 /* base */,
				E34DE9B117F31BFD00EAF128 /* interface */,
				E34DE9B817F41C1900EAF128 /* serializers */,
				E3A404671769AFAD00E77689 /* debug */,
				E359B35617C7BDB900C7F553 /* maths */,
				E3A404211769AF6400E77689 /* memory */,
				E3351C3F180D5F0D0019C0B7 /* io */,
				E3A4040E1769AF4800E77689 /* encryption */,
				E3A403F51769AEFB00E77689 /* socket */,
				E3A403DC1769AEDE00E77689 /* threading */,
				E3A404841769B00D00E77689 /* exception */,
				E3A404871769B04C00E77689 /* utils */,
				E3A404901769B0A900E77689 /* config */,
			);
			name = src;
			sourceTree = "<group>";
		};
		E3A403DC1769AEDE00E77689 /* threading */ = {
			isa = PBXGroup;
			children = (
				E3DE476917ED0A4400C86174 /* ThreadSafeObject.h */,
				E3A403DD1769AEF500E77689 /* Mutex.cpp */,
				E3A403DE1769AEF500E77689 /* Mutex.h */,
				E3A403DF1769AEF500E77689 /* Semaphore.cpp */,
				E3A403E01769AEF500E77689 /* Semaphore.h */,
				E3A403E11769AEF500E77689 /* Task.cpp */,
				E3A403E21769AEF500E77689 /* Task.h */,
				E3A403E31769AEF500E77689 /* TaskMutex.cpp */,
				E3A403E41769AEF500E77689 /* TaskMutex.h */,
				E3A403E51769AEF500E77689 /* Thread.cpp */,
				E3A403E61769AEF500E77689 /* Thread.h */,
				E3A403E71769AEF500E77689 /* ThreadWaitCondition.cpp */,
				E3A403E81769AEF500E77689 /* ThreadWaitCondition.h */,
				E364C569176E28C100507BF6 /* HighResTimer.cpp */,
				E364C56A176E28C100507BF6 /* HighResTimer.h */,
			);
			name = threading;
			sourceTree = "<group>";
		};
		E3A403F51769AEFB00E77689 /* socket */ = {
			isa = PBXGroup;
			children = (
				E3A4046C1769AFF500E77689 /* Buffer.cpp */,
				E3A4046D1769AFF500E77689 /* Buffer.h */,
				E3A4046E1769AFF500E77689 /* Listener.cpp */,
				E3A4046F1769AFF500E77689 /* Listener.h */,
				E3A404721769AFF500E77689 /* Socket.cpp */,
				E3A404731769AFF500E77689 /* Socket.h */,
				E3A404741769AFF500E77689 /* SocketEventLoop.cpp */,
				E3A404751769AFF500E77689 /* SocketEventLoop.h */,
			);
			name = socket;
			sourceTree = "<group>";
		};
		E3A4040E1769AF4800E77689 /* encryption */ = {
			isa = PBXGroup;
			children = (
				E3A4040F1769AF5700E77689 /* Aes.cpp */,
				E3A404101769AF5700E77689 /* Aes.h */,
				E3A404111769AF5700E77689 /* aes256cbc.cpp */,
				E3A404121769AF5700E77689 /* aes256cbc.h */,
				E3A404131769AF5700E77689 /* Cipher.h */,
				E3A404141769AF5700E77689 /* Hash.h */,
				E3A404151769AF5700E77689 /* Rsa.cpp */,
				E3A404161769AF5700E77689 /* Rsa.h */,
				E3A404171769AF5700E77689 /* Sha256.h */,
			);
			name = encryption;
			sourceTree = "<group>";
		};
		E3A404211769AF6400E77689 /* memory */ = {
			isa = PBXGroup;
			children = (
				E3A404221769AF7400E77689 /* Array.h */,
				E34BEFA817F1EC0B00C91666 /* ByteArray.h */,
				E34BEFA717F1EC0B00C91666 /* ByteArray.cpp */,
				E3A404241769AF7400E77689 /* DescriptorInstanceMap.h */,
				E3A404301769AF7400E77689 /* IndexedList.h */,
				E3A404311769AF7400E77689 /* InstancePool.h */,
				E3A404321769AF7400E77689 /* LinkedList.h */,
				E3A404341769AF7400E77689 /* Memory.h */,
				E3A404351769AF7400E77689 /* ObjectArray.h */,
				E3A404361769AF7400E77689 /* ObjectBlockArray.h */,
				E3A404371769AF7400E77689 /* Ref.h */,
				E3A4043A1769AF7400E77689 /* StaticArray.h */,
				E3A4043E1769AF7400E77689 /* String.h */,
				E3A4043D1769AF7400E77689 /* String.cpp */,
				E32F6B5917C8D6000078BC7D /* HashMap.h */,
			);
			name = memory;
			sourceTree = "<group>";
		};
		E3A404621769AF7A00E77689 /* init */ = {
			isa = PBXGroup;
			children = (
				E3A404631769AF9600E77689 /* Init.cpp */,
				E3A404641769AF9600E77689 /* Init.h */,
			);
			name = init;
			sourceTree = "<group>";
		};
		E3A404671769AFAD00E77689 /* debug */ = {
			isa = PBXGroup;
			children = (
				E3A404691769AFC200E77689 /* Log.h */,
				E3A404681769AFC200E77689 /* Log.cpp */,
			);
			name = debug;
			sourceTree = "<group>";
		};
		E3A404841769B00D00E77689 /* exception */ = {
			isa = PBXGroup;
			children = (
				E3A404851769B02C00E77689 /* Exception.h */,
			);
			name = exception;
			sourceTree = "<group>";
		};
		E3A404871769B04C00E77689 /* utils */ = {
			isa = PBXGroup;
			children = (
				E3A404881769B06500E77689 /* ByteUtils.cpp */,
				E3A404891769B06500E77689 /* ByteUtils.h */,
				E3A4048A1769B06500E77689 /* Http.cpp */,
				E3A4048B1769B06500E77689 /* Http.h */,
			);
			name = utils;
			sourceTree = "<group>";
		};
		E3A404901769B0A900E77689 /* config */ = {
			isa = PBXGroup;
			children = (
				E3A404911769B0B900E77689 /* FlatConfig.cpp */,
				E3A404921769B0B900E77689 /* FlatConfig.h */,
			);
			name = config;
			sourceTree = "<group>";
		};
		E3AEDC8317E9DF6900B8CDB5 /* Frameworks */ = {
			isa = PBXGroup;
			children = (
				E3AEDC8417E9DF6900B8CDB5 /* Foundation.framework */,
			);
			name = Frameworks;
			sourceTree = "<group>";
		};
		E3AEDC8617E9DF6900B8CDB5 /* libNRCore */ = {
			isa = PBXGroup;
			children = (
				E3AEDC8917E9DF6900B8CDB5 /* libNRCore.h */,
				E3AEDC8B17E9DF6900B8CDB5 /* libNRCore.m */,
				E3AEDC8717E9DF6900B8CDB5 /* Supporting Files */,
			);
			path = libNRCore;
			sourceTree = "<group>";
		};
		E3AEDC8717E9DF6900B8CDB5 /* Supporting Files */ = {
			isa = PBXGroup;
			children = (
				E3AEDC8817E9DF6900B8CDB5 /* libNRCore-Prefix.pch */,
			);
			name = "Supporting Files";
			sourceTree = "<group>";
		};
/* End PBXGroup section */

/* Begin PBXHeadersBuildPhase section */
		E315FB24176CE43500D8F924 /* Headers */ = {
			isa = PBXHeadersBuildPhase;
			buildActionMask = 2147483647;
			files = (
				E382FE8A176D3D1D002BC244 /* nrcore.h in Headers */,
				E3351D0F180D5F360019C0B7 /* FifoOutputStream.h in Headers */,
				E3351D12180D5F360019C0B7 /* File.h in Headers */,
				E34DE9B617F31C2800EAF128 /* SerializableInterface.h in Headers */,
				E3351D11180D5F360019C0B7 /* FifoStream.h in Headers */,
				E3351D16180D5F360019C0B7 /* FileOutputStream.h in Headers */,
				E3826C7F181FAD950041DF74 /* Xml.h in Headers */,
				E364C56C176E28C100507BF6 /* HighResTimer.h in Headers */,
				E383B2A017AD3A1B00C51627 /* Object.h in Headers */,
				E3351D0D180D5F360019C0B7 /* FifoInputStream.h in Headers */,
				E3351D18180D5F360019C0B7 /* Stream.h in Headers */,
				E383B2A417AD3B8100C51627 /* ObjectEvent.h in Headers */,
				E3DE476617ED082C00C86174 /* TextFile.h in Headers */,
				E359B35A17C7BE2100C7F553 /* SimpleFormula.h in Headers */,
				E34BEFAA17F1EC0B00C91666 /* ByteArray.h in Headers */,
				E3351D14180D5F360019C0B7 /* FileDescriptorRelay.h in Headers */,
				E3DE476A17ED0A4400C86174 /* ThreadSafeObject.h in Headers */,
				E3351D1A180D5F360019C0B7 /* StringStreamReader.h in Headers */,
				E32F6B5B17C8D6000078BC7D /* HashMap.h in Headers */,
			);
			runOnlyForDeploymentPostprocessing = 0;
		};
/* End PBXHeadersBuildPhase section */

/* Begin PBXNativeTarget section */
		E315FB25176CE43500D8F924 /* libnrcore */ = {
			isa = PBXNativeTarget;
			buildConfigurationList = E315FB27176CE43500D8F924 /* Build configuration list for PBXNativeTarget "libnrcore" */;
			buildPhases = (
				E315FB22176CE43500D8F924 /* Sources */,
				E315FB23176CE43500D8F924 /* Frameworks */,
				E315FB24176CE43500D8F924 /* Headers */,
			);
			buildRules = (
			);
			dependencies = (
			);
			name = libnrcore;
			productName = libnrcore;
			productReference = E315FB26176CE43500D8F924 /* libnrcore.a */;
			productType = "com.apple.product-type.library.static";
		};
		E3AEDC8117E9DF6900B8CDB5 /* libNRCore_IOS */ = {
			isa = PBXNativeTarget;
			buildConfigurationList = E3AEDC8F17E9DF6900B8CDB5 /* Build configuration list for PBXNativeTarget "libNRCore_IOS" */;
			buildPhases = (
				E3AEDC7E17E9DF6900B8CDB5 /* Sources */,
				E3AEDC7F17E9DF6900B8CDB5 /* Frameworks */,
				E3AEDC8017E9DF6900B8CDB5 /* CopyFiles */,
			);
			buildRules = (
			);
			dependencies = (
			);
			name = libNRCore_IOS;
			productName = libNRCore;
			productReference = E3AEDC8217E9DF6900B8CDB5 /* liblibNRCore_IOS.a */;
			productType = "com.apple.product-type.library.static";
		};
/* End PBXNativeTarget section */

/* Begin PBXProject section */
		E3A403CC1769A7FA00E77689 /* Project object */ = {
			isa = PBXProject;
			attributes = {
				LastUpgradeCheck = 0460;
				ORGANIZATIONNAME = "N G Rawlings";
			};
			buildConfigurationList = E3A403CF1769A7FA00E77689 /* Build configuration list for PBXProject "libNRCore" */;
			compatibilityVersion = "Xcode 3.2";
			developmentRegion = English;
			hasScannedForEncodings = 0;
			knownRegions = (
				en,
			);
			mainGroup = E3A403CB1769A7FA00E77689;
			productRefGroup = E3A403D51769A7FA00E77689 /* Products */;
			projectDirPath = "";
			projectReferences = (
				{
					ProductGroup = E34F3E5617EE388400B68D35 /* Products */;
					ProjectRef = E34F3E5517EE388400B68D35 /* UnitTest.xcodeproj */;
				},
			);
			projectRoot = "";
			targets = (
				E315FB25176CE43500D8F924 /* libnrcore */,
				E3AEDC8117E9DF6900B8CDB5 /* libNRCore_IOS */,
			);
		};
/* End PBXProject section */

/* Begin PBXReferenceProxy section */
		E34F3E5A17EE388500B68D35 /* UnitTest */ = {
			isa = PBXReferenceProxy;
			fileType = "compiled.mach-o.executable";
			path = UnitTest;
			remoteRef = E34F3E5917EE388500B68D35 /* PBXContainerItemProxy */;
			sourceTree = BUILT_PRODUCTS_DIR;
		};
/* End PBXReferenceProxy section */

/* Begin PBXSourcesBuildPhase section */
		E315FB22176CE43500D8F924 /* Sources */ = {
			isa = PBXSourcesBuildPhase;
			buildActionMask = 2147483647;
			files = (
				E315FB2B176CE52A00D8F924 /* Log.cpp in Sources */,
				E315FB2D176CE53600D8F924 /* Init.cpp in Sources */,
				E315FB33176CE55300D8F924 /* Serializable.cpp in Sources */,
				E315FB35176CE55A00D8F924 /* String.cpp in Sources */,
				E3351D10180D5F360019C0B7 /* FifoStream.cpp in Sources */,
				E315FB37176CE56100D8F924 /* Aes.cpp in Sources */,
				E3351D15180D5F360019C0B7 /* FileOutputStream.cpp in Sources */,
				E315FB38176CE56500D8F924 /* aes256cbc.cpp in Sources */,
				E315FB39176CE56800D8F924 /* Rsa.cpp in Sources */,
				E3826C7E181FAD950041DF74 /* Xml.cpp in Sources */,
				E315FB3A176CE56E00D8F924 /* Buffer.cpp in Sources */,
				E3351D0E180D5F360019C0B7 /* FifoOutputStream.cpp in Sources */,
				E315FB3B176CE57300D8F924 /* Listener.cpp in Sources */,
				E315FB3C176CE57500D8F924 /* Socket.cpp in Sources */,
				E315FB3D176CE57800D8F924 /* SocketEventLoop.cpp in Sources */,
				E315FB3F176CE58000D8F924 /* Mutex.cpp in Sources */,
				E315FB40176CE58400D8F924 /* Semaphore.cpp in Sources */,
				E315FB41176CE58700D8F924 /* Task.cpp in Sources */,
				E3351D13180D5F360019C0B7 /* FileDescriptorRelay.cpp in Sources */,
				E34BEFA917F1EC0B00C91666 /* ByteArray.cpp in Sources */,
				E315FB42176CE58A00D8F924 /* TaskMutex.cpp in Sources */,
				E315FB43176CE58D00D8F924 /* Thread.cpp in Sources */,
				E315FB44176CE58F00D8F924 /* ThreadWaitCondition.cpp in Sources */,
				E3351D0C180D5F360019C0B7 /* FifoInputStream.cpp in Sources */,
				E315FB45176CE59400D8F924 /* ByteUtils.cpp in Sources */,
				E315FB46176CE59700D8F924 /* Http.cpp in Sources */,
				E315FB47176CE59C00D8F924 /* FlatConfig.cpp in Sources */,
				E364C56B176E28C100507BF6 /* HighResTimer.cpp in Sources */,
				E3351D19180D5F360019C0B7 /* StringStreamReader.cpp in Sources */,
				E3351D17180D5F360019C0B7 /* Stream.cpp in Sources */,
				E383B29F17AD3A1B00C51627 /* Object.cpp in Sources */,
				E359B35917C7BE2100C7F553 /* SimpleFormula.cpp in Sources */,
			);
			runOnlyForDeploymentPostprocessing = 0;
		};
		E3AEDC7E17E9DF6900B8CDB5 /* Sources */ = {
			isa = PBXSourcesBuildPhase;
			buildActionMask = 2147483647;
			files = (
				E3AEDC8C17E9DF6900B8CDB5 /* libNRCore.m in Sources */,
				E3DE476717ED083200C86174 /* String.cpp in Sources */,
			);
			runOnlyForDeploymentPostprocessing = 0;
		};
/* End PBXSourcesBuildPhase section */

/* Begin XCBuildConfiguration section */
		E315FB28176CE43500D8F924 /* Debug */ = {
			isa = XCBuildConfiguration;
			buildSettings = {
				ALWAYS_SEARCH_USER_PATHS = YES;
				EXECUTABLE_PREFIX = "";
				GCC_DYNAMIC_NO_PIC = NO;
				GCC_ENABLE_OBJC_EXCEPTIONS = YES;
				HEADER_SEARCH_PATHS = (
					.,
					/usr/local/include,
					/usr/include/libxml2,
				);
				OTHER_CFLAGS = "-DWITH_LIBCURL";
				PRIVATE_HEADERS_FOLDER_PATH = /usr/local/include/;
				PRODUCT_NAME = "$(TARGET_NAME)";
				USER_HEADER_SEARCH_PATHS = "";
			};
			name = Debug;
		};
		E315FB29176CE43500D8F924 /* Release */ = {
			isa = XCBuildConfiguration;
			buildSettings = {
				ALWAYS_SEARCH_USER_PATHS = YES;
				EXECUTABLE_PREFIX = "";
				GCC_ENABLE_OBJC_EXCEPTIONS = YES;
				HEADER_SEARCH_PATHS = (
					.,
					/usr/local/include,
					/usr/include/libxml2,
				);
				OTHER_CFLAGS = "-DWITH_LIBCURL";
				PRIVATE_HEADERS_FOLDER_PATH = /usr/local/include/;
				PRODUCT_NAME = "$(TARGET_NAME)";
				USER_HEADER_SEARCH_PATHS = "";
			};
			name = Release;
		};
		E3A403D61769A7FA00E77689 /* Debug */ = {
			isa = XCBuildConfiguration;
			buildSettings = {
				ALWAYS_SEARCH_USER_PATHS = NO;
				ARCHS = "$(ARCHS_STANDARD_64_BIT)";
				CLANG_CXX_LANGUAGE_STANDARD = "gnu++0x";
				CLANG_CXX_LIBRARY = "libc++";
				CLANG_LINK_OBJC_RUNTIME = NO;
				CLANG_WARN_CONSTANT_CONVERSION = YES;
				CLANG_WARN_EMPTY_BODY = YES;
				CLANG_WARN_ENUM_CONVERSION = YES;
				CLANG_WARN_INT_CONVERSION = YES;
				CLANG_WARN__DUPLICATE_METHOD_MATCH = YES;
				CONFIGURATION_BUILD_DIR = "./$(CONFIGURATION)$(EFFECTIVE_PLATFORM_NAME)";
				COPY_PHASE_STRIP = NO;
				EXCLUDED_RECURSIVE_SEARCH_PATH_SUBDIRECTORIES = "*.nib *.lproj *.framework *.gch *.xcode* (*) .DS_Store CVS .svn .git .hg";
				GCC_C_LANGUAGE_STANDARD = gnu99;
				GCC_DYNAMIC_NO_PIC = YES;
				GCC_ENABLE_OBJC_EXCEPTIONS = NO;
				GCC_OPTIMIZATION_LEVEL = 0;
				GCC_PREPROCESSOR_DEFINITIONS = (
					"DEBUG=1",
					"$(inherited)",
				);
				GCC_SYMBOLS_PRIVATE_EXTERN = NO;
				GCC_WARN_64_TO_32_BIT_CONVERSION = YES;
				GCC_WARN_ABOUT_RETURN_TYPE = YES;
				GCC_WARN_UNINITIALIZED_AUTOS = YES;
				GCC_WARN_UNUSED_VARIABLE = YES;
				GENERATE_MASTER_OBJECT_FILE = NO;
				HEADER_SEARCH_PATHS = (
					.,
					/usr/local/include,
				);
				MACH_O_TYPE = staticlib;
				MACOSX_DEPLOYMENT_TARGET = 10.8;
				ONLY_ACTIVE_ARCH = YES;
				SDKROOT = macosx;
				USER_HEADER_SEARCH_PATHS = "";
				USE_HEADERMAP = NO;
			};
			name = Debug;
		};
		E3A403D71769A7FA00E77689 /* Release */ = {
			isa = XCBuildConfiguration;
			buildSettings = {
				ALWAYS_SEARCH_USER_PATHS = NO;
				ARCHS = "$(ARCHS_STANDARD_64_BIT)";
				CLANG_CXX_LANGUAGE_STANDARD = "gnu++0x";
				CLANG_CXX_LIBRARY = "libc++";
				CLANG_LINK_OBJC_RUNTIME = NO;
				CLANG_WARN_CONSTANT_CONVERSION = YES;
				CLANG_WARN_EMPTY_BODY = YES;
				CLANG_WARN_ENUM_CONVERSION = YES;
				CLANG_WARN_INT_CONVERSION = YES;
				CLANG_WARN__DUPLICATE_METHOD_MATCH = YES;
				CONFIGURATION_BUILD_DIR = "./$(CONFIGURATION)$(EFFECTIVE_PLATFORM_NAME)";
				COPY_PHASE_STRIP = YES;
				DEBUG_INFORMATION_FORMAT = "dwarf-with-dsym";
				EXCLUDED_RECURSIVE_SEARCH_PATH_SUBDIRECTORIES = "*.nib *.lproj *.framework *.gch *.xcode* (*) .DS_Store CVS .svn .git .hg";
				GCC_C_LANGUAGE_STANDARD = gnu99;
				GCC_DYNAMIC_NO_PIC = YES;
				GCC_ENABLE_OBJC_EXCEPTIONS = NO;
				GCC_WARN_64_TO_32_BIT_CONVERSION = YES;
				GCC_WARN_ABOUT_RETURN_TYPE = YES;
				GCC_WARN_UNINITIALIZED_AUTOS = YES;
				GCC_WARN_UNUSED_VARIABLE = YES;
				GENERATE_MASTER_OBJECT_FILE = NO;
				HEADER_SEARCH_PATHS = (
					.,
					/usr/local/include,
				);
				MACH_O_TYPE = staticlib;
				MACOSX_DEPLOYMENT_TARGET = 10.8;
				SDKROOT = macosx;
				USER_HEADER_SEARCH_PATHS = "";
				USE_HEADERMAP = NO;
			};
			name = Release;
		};
		E3AEDC8D17E9DF6900B8CDB5 /* Debug */ = {
			isa = XCBuildConfiguration;
			buildSettings = {
				ARCHS = "$(ARCHS_STANDARD_32_BIT)";
				DSTROOT = /tmp/libNRCore.dst;
				GCC_DYNAMIC_NO_PIC = NO;
				GCC_PRECOMPILE_PREFIX_HEADER = YES;
				GCC_PREFIX_HEADER = "libNRCore/libNRCore-Prefix.pch";
				IPHONEOS_DEPLOYMENT_TARGET = 6.1;
				ONLY_ACTIVE_ARCH = NO;
				OTHER_LDFLAGS = "-ObjC";
				PRODUCT_NAME = "$(TARGET_NAME)";
				SDKROOT = iphoneos;
				SKIP_INSTALL = YES;
			};
			name = Debug;
		};
		E3AEDC8E17E9DF6900B8CDB5 /* Release */ = {
			isa = XCBuildConfiguration;
			buildSettings = {
				ARCHS = "$(ARCHS_STANDARD_32_BIT)";
				DSTROOT = /tmp/libNRCore.dst;
				GCC_PRECOMPILE_PREFIX_HEADER = YES;
				GCC_PREFIX_HEADER = "libNRCore/libNRCore-Prefix.pch";
				IPHONEOS_DEPLOYMENT_TARGET = 6.1;
				ONLY_ACTIVE_ARCH = NO;
				OTHER_LDFLAGS = "-ObjC";
				PRODUCT_NAME = "$(TARGET_NAME)";
				SDKROOT = iphoneos;
				SKIP_INSTALL = YES;
				VALIDATE_PRODUCT = YES;
			};
			name = Release;
		};
/* End XCBuildConfiguration section */

/* Begin XCConfigurationList section */
		E315FB27176CE43500D8F924 /* Build configuration list for PBXNativeTarget "libnrcore" */ = {
			isa = XCConfigurationList;
			buildConfigurations = (
				E315FB28176CE43500D8F924 /* Debug */,
				E315FB29176CE43500D8F924 /* Release */,
			);
			defaultConfigurationIsVisible = 0;
			defaultConfigurationName = Release;
		};
		E3A403CF1769A7FA00E77689 /* Build configuration list for PBXProject "libNRCore" */ = {
			isa = XCConfigurationList;
			buildConfigurations = (
				E3A403D61769A7FA00E77689 /* Debug */,
				E3A403D71769A7FA00E77689 /* Release */,
			);
			defaultConfigurationIsVisible = 0;
			defaultConfigurationName = Release;
		};
		E3AEDC8F17E9DF6900B8CDB5 /* Build configuration list for PBXNativeTarget "libNRCore_IOS" */ = {
			isa = XCConfigurationList;
			buildConfigurations = (
				E3AEDC8D17E9DF6900B8CDB5 /* Debug */,
				E3AEDC8E17E9DF6900B8CDB5 /* Release */,
			);
			defaultConfigurationIsVisible = 0;
			defaultConfigurationName = Release;
		};
/* End XCConfigurationList section */
	};
	rootObject = E3A403CC1769A7FA00E77689 /* Project object */;
}
